// !$*UTF8*$!
{
	archiveVersion = 1;
	classes = {
	};
	objectVersion = 56;
	objects = {

/* Begin PBXBuildFile section */
		22174A6B2A45B6450005CCD7 /* Documents.swift in Sources */ = {isa = PBXBuildFile; fileRef = 22174A6A2A45B6450005CCD7 /* Documents.swift */; };
		22174A6D2A45BB0B0005CCD7 /* Porsche-959-Driver-Manual.pdf in Resources */ = {isa = PBXBuildFile; fileRef = 22174A6C2A45BB0B0005CCD7 /* Porsche-959-Driver-Manual.pdf */; };
		22174A6F2A45C3460005CCD7 /* 2005_M5_Owners_Manual.pdf in Resources */ = {isa = PBXBuildFile; fileRef = 22174A6E2A45C3460005CCD7 /* 2005_M5_Owners_Manual.pdf */; };
		22174A712A4981140005CCD7 /* Porsche-Carrera-GT-Owners-Manual.pdf in Resources */ = {isa = PBXBuildFile; fileRef = 22174A702A4981140005CCD7 /* Porsche-Carrera-GT-Owners-Manual.pdf */; };
		224AD06E2A3067690035FF47 /* FacebookButton.swift in Sources */ = {isa = PBXBuildFile; fileRef = 224AD06D2A3067690035FF47 /* FacebookButton.swift */; };
		224AD0702A306B960035FF47 /* FacebookButtonExtension.swift in Sources */ = {isa = PBXBuildFile; fileRef = 224AD06F2A306B960035FF47 /* FacebookButtonExtension.swift */; };
		2257D3AE2A4C5ECC00F48CE7 /* DocumentDetailExtension.swift in Sources */ = {isa = PBXBuildFile; fileRef = 2257D3AD2A4C5ECC00F48CE7 /* DocumentDetailExtension.swift */; };
		2257D3B02A4EDA3200F48CE7 /* CopyDocumentView.swift in Sources */ = {isa = PBXBuildFile; fileRef = 2257D3AF2A4EDA3200F48CE7 /* CopyDocumentView.swift */; };
		2257D3B22A4EE00500F48CE7 /* CopyDocument.swift in Sources */ = {isa = PBXBuildFile; fileRef = 2257D3B12A4EE00500F48CE7 /* CopyDocument.swift */; };
		2257D3B42A52C74B00F48CE7 /* Annotation.swift in Sources */ = {isa = PBXBuildFile; fileRef = 2257D3B32A52C74B00F48CE7 /* Annotation.swift */; };
		2274161D2A25D03400E0AA78 /* RealmExtension.swift in Sources */ = {isa = PBXBuildFile; fileRef = 2274161C2A25D03400E0AA78 /* RealmExtension.swift */; };
		2274161F2A25EE7E00E0AA78 /* MenuContentExtension.swift in Sources */ = {isa = PBXBuildFile; fileRef = 2274161E2A25EE7E00E0AA78 /* MenuContentExtension.swift */; };
		227416212A273F8200E0AA78 /* UiImageExtension.swift in Sources */ = {isa = PBXBuildFile; fileRef = 227416202A273F8200E0AA78 /* UiImageExtension.swift */; };
		227416312A2F283C00E0AA78 /* FacebookLogin in Frameworks */ = {isa = PBXBuildFile; productRef = 227416302A2F283C00E0AA78 /* FacebookLogin */; };
		227416352A305E6A00E0AA78 /* FacebookSignUpView.swift in Sources */ = {isa = PBXBuildFile; fileRef = 227416342A305E6A00E0AA78 /* FacebookSignUpView.swift */; };
		227416372A3060EC00E0AA78 /* FacebookSignUpExtension.swift in Sources */ = {isa = PBXBuildFile; fileRef = 227416362A3060EC00E0AA78 /* FacebookSignUpExtension.swift */; };
		2276E0602A5556CB0040C0E5 /* SwiftyDropbox in Frameworks */ = {isa = PBXBuildFile; productRef = 2276E05F2A5556CB0040C0E5 /* SwiftyDropbox */; };
		2276E0632A555DA50040C0E5 /* MyStorageView.swift in Sources */ = {isa = PBXBuildFile; fileRef = 2276E0622A555DA50040C0E5 /* MyStorageView.swift */; };
		2276E0672A557D630040C0E5 /* MyStorageExtension.swift in Sources */ = {isa = PBXBuildFile; fileRef = 2276E0662A557D630040C0E5 /* MyStorageExtension.swift */; };
		2276E0712A56E4DA0040C0E5 /* Enviroment.swift in Sources */ = {isa = PBXBuildFile; fileRef = 2276E0702A56E4DA0040C0E5 /* Enviroment.swift */; };
		2276E0952A5C232E0040C0E5 /* CheckBoxPackage in Frameworks */ = {isa = PBXBuildFile; productRef = 2276E0942A5C232E0040C0E5 /* CheckBoxPackage */; };
		22A45B812A456BA5007410C0 /* PDFTron in Frameworks */ = {isa = PBXBuildFile; productRef = 22A45B802A456BA5007410C0 /* PDFTron */; };
		22A45B842A45907B007410C0 /* DocumentDetailView.swift in Sources */ = {isa = PBXBuildFile; fileRef = 22A45B832A45907B007410C0 /* DocumentDetailView.swift */; };
		22A45B872A459F47007410C0 /* e46-m3-owners-manual.pdf in Resources */ = {isa = PBXBuildFile; fileRef = 22A45B862A459F47007410C0 /* e46-m3-owners-manual.pdf */; };
		22C02CC22A0E71B9004FB233 /* SignInForm.swift in Sources */ = {isa = PBXBuildFile; fileRef = 22C02CC12A0E71B9004FB233 /* SignInForm.swift */; };
		22C02CC42A0E737B004FB233 /* SignUpExtension.swift in Sources */ = {isa = PBXBuildFile; fileRef = 22C02CC32A0E737B004FB233 /* SignUpExtension.swift */; };
		22CE49CC2A31E8DA0017E033 /* CarsForSale.swift in Sources */ = {isa = PBXBuildFile; fileRef = 22CE49CB2A31E8DA0017E033 /* CarsForSale.swift */; };
		22CE49CE2A31F5730017E033 /* FilterView.swift in Sources */ = {isa = PBXBuildFile; fileRef = 22CE49CD2A31F5730017E033 /* FilterView.swift */; };
		22CE49D02A31F73E0017E033 /* RangePicker.swift in Sources */ = {isa = PBXBuildFile; fileRef = 22CE49CF2A31F73D0017E033 /* RangePicker.swift */; };
		22CE49D22A31FE290017E033 /* RangeFields.swift in Sources */ = {isa = PBXBuildFile; fileRef = 22CE49D12A31FE290017E033 /* RangeFields.swift */; };
		22CE49D42A3315400017E033 /* LogOutView.swift in Sources */ = {isa = PBXBuildFile; fileRef = 22CE49D32A3315400017E033 /* LogOutView.swift */; };
		22CE49D62A3315F00017E033 /* AccentColorButtonText.swift in Sources */ = {isa = PBXBuildFile; fileRef = 22CE49D52A3315F00017E033 /* AccentColorButtonText.swift */; };
		22CE49D82A3330DE0017E033 /* SearchBarCarsForSale.swift in Sources */ = {isa = PBXBuildFile; fileRef = 22CE49D72A3330DE0017E033 /* SearchBarCarsForSale.swift */; };
		22CE49DA2A33335D0017E033 /* SortView.swift in Sources */ = {isa = PBXBuildFile; fileRef = 22CE49D92A33335D0017E033 /* SortView.swift */; };
		22CE49DC2A3338CD0017E033 /* SortOrderButton.swift in Sources */ = {isa = PBXBuildFile; fileRef = 22CE49DB2A3338CD0017E033 /* SortOrderButton.swift */; };
		22CE49DE2A37269A0017E033 /* CarForSale.swift in Sources */ = {isa = PBXBuildFile; fileRef = 22CE49DD2A37269A0017E033 /* CarForSale.swift */; };
		22CE49E02A37292A0017E033 /* CarForSaleComponent.swift in Sources */ = {isa = PBXBuildFile; fileRef = 22CE49DF2A37292A0017E033 /* CarForSaleComponent.swift */; };
		22CE49E82A3741CF0017E033 /* SellACarForm.swift in Sources */ = {isa = PBXBuildFile; fileRef = 22CE49E72A3741CF0017E033 /* SellACarForm.swift */; };
		22CE49EC2A3868600017E033 /* NumericTextField.swift in Sources */ = {isa = PBXBuildFile; fileRef = 22CE49EB2A3868600017E033 /* NumericTextField.swift */; };
		22CE49F02A3885FC0017E033 /* SellACarFormExtension.swift in Sources */ = {isa = PBXBuildFile; fileRef = 22CE49EF2A3885FC0017E033 /* SellACarFormExtension.swift */; };
		22CE49F22A39A6180017E033 /* CarDetailView.swift in Sources */ = {isa = PBXBuildFile; fileRef = 22CE49F12A39A6180017E033 /* CarDetailView.swift */; };
		22CE49F42A39B5890017E033 /* CarDetailItem.swift in Sources */ = {isa = PBXBuildFile; fileRef = 22CE49F32A39B5890017E033 /* CarDetailItem.swift */; };
		22CE49F62A3AE9D80017E033 /* CarsForSaleExtension.swift in Sources */ = {isa = PBXBuildFile; fileRef = 22CE49F52A3AE9D80017E033 /* CarsForSaleExtension.swift */; };
		22CE49FC2A3B3D710017E033 /* FilterViewExtension.swift in Sources */ = {isa = PBXBuildFile; fileRef = 22CE49FB2A3B3D710017E033 /* FilterViewExtension.swift */; };
		22E26A5B2A0D11E300B21FD8 /* AutoVitesseApp.swift in Sources */ = {isa = PBXBuildFile; fileRef = 22E26A5A2A0D11E300B21FD8 /* AutoVitesseApp.swift */; };
		22E26A5D2A0D11E300B21FD8 /* ContentView.swift in Sources */ = {isa = PBXBuildFile; fileRef = 22E26A5C2A0D11E300B21FD8 /* ContentView.swift */; };
		22E26A5F2A0D11E400B21FD8 /* Assets.xcassets in Resources */ = {isa = PBXBuildFile; fileRef = 22E26A5E2A0D11E400B21FD8 /* Assets.xcassets */; };
		22E26A622A0D11E400B21FD8 /* Preview Assets.xcassets in Resources */ = {isa = PBXBuildFile; fileRef = 22E26A612A0D11E400B21FD8 /* Preview Assets.xcassets */; };
		22E26A6A2A0D147D00B21FD8 /* Realm in Frameworks */ = {isa = PBXBuildFile; productRef = 22E26A692A0D147D00B21FD8 /* Realm */; };
		22E26A6C2A0D147D00B21FD8 /* RealmSwift in Frameworks */ = {isa = PBXBuildFile; productRef = 22E26A6B2A0D147D00B21FD8 /* RealmSwift */; };
		22E26A712A0D1D4D00B21FD8 /* User.swift in Sources */ = {isa = PBXBuildFile; fileRef = 22E26A702A0D1D4D00B21FD8 /* User.swift */; };
		22E26A732A0D234800B21FD8 /* Car.swift in Sources */ = {isa = PBXBuildFile; fileRef = 22E26A722A0D234800B21FD8 /* Car.swift */; };
		22E26A752A0D27CC00B21FD8 /* SignUpForm.swift in Sources */ = {isa = PBXBuildFile; fileRef = 22E26A742A0D27CC00B21FD8 /* SignUpForm.swift */; };
		22E26A772A0D2E1200B21FD8 /* UtilData.swift in Sources */ = {isa = PBXBuildFile; fileRef = 22E26A762A0D2E1200B21FD8 /* UtilData.swift */; };
		22E414F72A417EAB002C31A1 /* Messages.swift in Sources */ = {isa = PBXBuildFile; fileRef = 22E414F62A417EAB002C31A1 /* Messages.swift */; };
		22E414FD2A4197F4002C31A1 /* CarMessageComposeView.swift in Sources */ = {isa = PBXBuildFile; fileRef = 22E414FC2A4197F4002C31A1 /* CarMessageComposeView.swift */; };
		22E414FF2A41A465002C31A1 /* CarMessageExtension.swift in Sources */ = {isa = PBXBuildFile; fileRef = 22E414FE2A41A465002C31A1 /* CarMessageExtension.swift */; };
		22E415022A41ADD2002C31A1 /* MessagesView.swift in Sources */ = {isa = PBXBuildFile; fileRef = 22E415012A41ADD2002C31A1 /* MessagesView.swift */; };
		22E415042A42CAA4002C31A1 /* DualogueComponent.swift in Sources */ = {isa = PBXBuildFile; fileRef = 22E415032A42CAA4002C31A1 /* DualogueComponent.swift */; };
		22E415062A42E405002C31A1 /* DialogueDetailView.swift in Sources */ = {isa = PBXBuildFile; fileRef = 22E415052A42E405002C31A1 /* DialogueDetailView.swift */; };
		22E415082A42EB9E002C31A1 /* MessageComponent.swift in Sources */ = {isa = PBXBuildFile; fileRef = 22E415072A42EB9E002C31A1 /* MessageComponent.swift */; };
		22E4150A2A42F52F002C31A1 /* NewMessageTextField.swift in Sources */ = {isa = PBXBuildFile; fileRef = 22E415092A42F52F002C31A1 /* NewMessageTextField.swift */; };
		22E4150D2A42FB09002C31A1 /* DialogueDetailExtension.swift in Sources */ = {isa = PBXBuildFile; fileRef = 22E4150C2A42FB09002C31A1 /* DialogueDetailExtension.swift */; };
		22E4150F2A431238002C31A1 /* NewMessageTextFieldExtension.swift in Sources */ = {isa = PBXBuildFile; fileRef = 22E4150E2A431238002C31A1 /* NewMessageTextFieldExtension.swift */; };
		22E5D94C2A12406E0088B869 /* SignInExtension.swift in Sources */ = {isa = PBXBuildFile; fileRef = 22E5D94B2A12406E0088B869 /* SignInExtension.swift */; };
		22E5D94F2A1247560088B869 /* TextFieldExtension.swift in Sources */ = {isa = PBXBuildFile; fileRef = 22E5D94E2A1247560088B869 /* TextFieldExtension.swift */; };
		22E5D9512A1385BC0088B869 /* HomeView.swift in Sources */ = {isa = PBXBuildFile; fileRef = 22E5D9502A1385BC0088B869 /* HomeView.swift */; };
		22E5D9532A1386010088B869 /* ProfileView.swift in Sources */ = {isa = PBXBuildFile; fileRef = 22E5D9522A1386010088B869 /* ProfileView.swift */; };
		22E5D9552A139AD00088B869 /* Navbar.swift in Sources */ = {isa = PBXBuildFile; fileRef = 22E5D9542A139AD00088B869 /* Navbar.swift */; };
		22E5D9572A139BC20088B869 /* LogOutButton.swift in Sources */ = {isa = PBXBuildFile; fileRef = 22E5D9562A139BC20088B869 /* LogOutButton.swift */; };
		22E5D9592A139EF50088B869 /* LogOutButtonExtension.swift in Sources */ = {isa = PBXBuildFile; fileRef = 22E5D9582A139EF50088B869 /* LogOutButtonExtension.swift */; };
		22E5D95D2A13AAB10088B869 /* SideMenuButton.swift in Sources */ = {isa = PBXBuildFile; fileRef = 22E5D95C2A13AAB10088B869 /* SideMenuButton.swift */; };
		22E5D95F2A13B41D0088B869 /* FavouritesView.swift in Sources */ = {isa = PBXBuildFile; fileRef = 22E5D95E2A13B41D0088B869 /* FavouritesView.swift */; };
		22E5D9612A14AE6A0088B869 /* EditForm.swift in Sources */ = {isa = PBXBuildFile; fileRef = 22E5D9602A14AE6A0088B869 /* EditForm.swift */; };
		22E5D9632A14BEBE0088B869 /* EditFormExtension.swift in Sources */ = {isa = PBXBuildFile; fileRef = 22E5D9622A14BEBE0088B869 /* EditFormExtension.swift */; };
		22E5D9652A14C2060088B869 /* ProfileViewExtension.swift in Sources */ = {isa = PBXBuildFile; fileRef = 22E5D9642A14C2060088B869 /* ProfileViewExtension.swift */; };
		22E5D9672A14CBB40088B869 /* PasswordTextField.swift in Sources */ = {isa = PBXBuildFile; fileRef = 22E5D9662A14CBB40088B869 /* PasswordTextField.swift */; };
		22E5D9692A14CF1C0088B869 /* SideMenu.swift in Sources */ = {isa = PBXBuildFile; fileRef = 22E5D9682A14CF1C0088B869 /* SideMenu.swift */; };
		22E5D96B2A14E2F80088B869 /* NavbarContainerView.swift in Sources */ = {isa = PBXBuildFile; fileRef = 22E5D96A2A14E2F80088B869 /* NavbarContainerView.swift */; };
		22E5D96D2A14E6590088B869 /* NavbarContainerViewExtension.swift in Sources */ = {isa = PBXBuildFile; fileRef = 22E5D96C2A14E6590088B869 /* NavbarContainerViewExtension.swift */; };
		22E5D9702A1622ED0088B869 /* Utils.swift in Sources */ = {isa = PBXBuildFile; fileRef = 22E5D96F2A1622ED0088B869 /* Utils.swift */; };
		22E5D9722A163CE10088B869 /* PasswordTextFieldExtension.swift in Sources */ = {isa = PBXBuildFile; fileRef = 22E5D9712A163CE10088B869 /* PasswordTextFieldExtension.swift */; };
		22E5D9742A1646870088B869 /* ConfirmPasswordTextField.swift in Sources */ = {isa = PBXBuildFile; fileRef = 22E5D9732A1646870088B869 /* ConfirmPasswordTextField.swift */; };
		22E5D9762A1647B10088B869 /* ConfirmPasswordTextFieldExtension.swift in Sources */ = {isa = PBXBuildFile; fileRef = 22E5D9752A1647B10088B869 /* ConfirmPasswordTextFieldExtension.swift */; };
		22E5D9782A164B8C0088B869 /* EmailTextField.swift in Sources */ = {isa = PBXBuildFile; fileRef = 22E5D9772A164B8C0088B869 /* EmailTextField.swift */; };
		22E5D97A2A164C800088B869 /* EmailTextFieldExtension.swift in Sources */ = {isa = PBXBuildFile; fileRef = 22E5D9792A164C800088B869 /* EmailTextFieldExtension.swift */; };
		22E5D97C2A1658200088B869 /* UsernameTextField.swift in Sources */ = {isa = PBXBuildFile; fileRef = 22E5D97B2A1658200088B869 /* UsernameTextField.swift */; };
		22E5D97E2A1658BC0088B869 /* UsernameTextFieldExtension.swift in Sources */ = {isa = PBXBuildFile; fileRef = 22E5D97D2A1658BC0088B869 /* UsernameTextFieldExtension.swift */; };
		22E5D9842A1795DC0088B869 /* CarsView.swift in Sources */ = {isa = PBXBuildFile; fileRef = 22E5D9832A1795DC0088B869 /* CarsView.swift */; };
		22E5D9862A17962D0088B869 /* PhotosView.swift in Sources */ = {isa = PBXBuildFile; fileRef = 22E5D9852A17962D0088B869 /* PhotosView.swift */; };
		22E5D9882A1B68BC0088B869 /* SearchBarTextField.swift in Sources */ = {isa = PBXBuildFile; fileRef = 22E5D9872A1B68BC0088B869 /* SearchBarTextField.swift */; };
		22E5D98A2A1B6E840088B869 /* SearchBarTextFieldExtension.swift in Sources */ = {isa = PBXBuildFile; fileRef = 22E5D9892A1B6E840088B869 /* SearchBarTextFieldExtension.swift */; };
		22E5D98C2A1B8DA40088B869 /* CarComponent.swift in Sources */ = {isa = PBXBuildFile; fileRef = 22E5D98B2A1B8DA40088B869 /* CarComponent.swift */; };
		22E5D98E2A1B95B80088B869 /* CarsList.swift in Sources */ = {isa = PBXBuildFile; fileRef = 22E5D98D2A1B95B80088B869 /* CarsList.swift */; };
		22E5D9922A1B98430088B869 /* ResultsExtension.swift in Sources */ = {isa = PBXBuildFile; fileRef = 22E5D9912A1B98430088B869 /* ResultsExtension.swift */; };
		22E5D9962A1CB4510088B869 /* FavouriteCars.swift in Sources */ = {isa = PBXBuildFile; fileRef = 22E5D9952A1CB4510088B869 /* FavouriteCars.swift */; };
		22E5D9982A1CBBE40088B869 /* CarComponentExtension.swift in Sources */ = {isa = PBXBuildFile; fileRef = 22E5D9972A1CBBE40088B869 /* CarComponentExtension.swift */; };
		22E5D99C2A1CD2240088B869 /* FavouritesViewExtension.swift in Sources */ = {isa = PBXBuildFile; fileRef = 22E5D99B2A1CD2240088B869 /* FavouritesViewExtension.swift */; };
		22FACA982A209A4000EBF5D2 /* ImagePicker.swift in Sources */ = {isa = PBXBuildFile; fileRef = 22FACA972A209A4000EBF5D2 /* ImagePicker.swift */; };
		22FACA9A2A20B36E00EBF5D2 /* PhotosViewExtension.swift in Sources */ = {isa = PBXBuildFile; fileRef = 22FACA992A20B36E00EBF5D2 /* PhotosViewExtension.swift */; };
		22FACA9C2A20B7E300EBF5D2 /* UserImage.swift in Sources */ = {isa = PBXBuildFile; fileRef = 22FACA9B2A20B7E300EBF5D2 /* UserImage.swift */; };
		22FACA9E2A20BE4600EBF5D2 /* UserImageComponent.swift in Sources */ = {isa = PBXBuildFile; fileRef = 22FACA9D2A20BE4600EBF5D2 /* UserImageComponent.swift */; };
		22FACAA02A20BF7500EBF5D2 /* UserImagesList.swift in Sources */ = {isa = PBXBuildFile; fileRef = 22FACA9F2A20BF7500EBF5D2 /* UserImagesList.swift */; };
/* End PBXBuildFile section */

/* Begin PBXFileReference section */
		22174A6A2A45B6450005CCD7 /* Documents.swift */ = {isa = PBXFileReference; lastKnownFileType = sourcecode.swift; path = Documents.swift; sourceTree = "<group>"; };
		22174A6C2A45BB0B0005CCD7 /* Porsche-959-Driver-Manual.pdf */ = {isa = PBXFileReference; lastKnownFileType = image.pdf; path = "Porsche-959-Driver-Manual.pdf"; sourceTree = "<group>"; };
		22174A6E2A45C3460005CCD7 /* 2005_M5_Owners_Manual.pdf */ = {isa = PBXFileReference; lastKnownFileType = image.pdf; path = 2005_M5_Owners_Manual.pdf; sourceTree = "<group>"; };
		22174A702A4981140005CCD7 /* Porsche-Carrera-GT-Owners-Manual.pdf */ = {isa = PBXFileReference; lastKnownFileType = image.pdf; path = "Porsche-Carrera-GT-Owners-Manual.pdf"; sourceTree = "<group>"; };
		224AD06D2A3067690035FF47 /* FacebookButton.swift */ = {isa = PBXFileReference; lastKnownFileType = sourcecode.swift; path = FacebookButton.swift; sourceTree = "<group>"; };
		224AD06F2A306B960035FF47 /* FacebookButtonExtension.swift */ = {isa = PBXFileReference; lastKnownFileType = sourcecode.swift; path = FacebookButtonExtension.swift; sourceTree = "<group>"; };
		2257D3AD2A4C5ECC00F48CE7 /* DocumentDetailExtension.swift */ = {isa = PBXFileReference; lastKnownFileType = sourcecode.swift; path = DocumentDetailExtension.swift; sourceTree = "<group>"; };
		2257D3AF2A4EDA3200F48CE7 /* CopyDocumentView.swift */ = {isa = PBXFileReference; lastKnownFileType = sourcecode.swift; path = CopyDocumentView.swift; sourceTree = "<group>"; };
		2257D3B12A4EE00500F48CE7 /* CopyDocument.swift */ = {isa = PBXFileReference; lastKnownFileType = sourcecode.swift; path = CopyDocument.swift; sourceTree = "<group>"; };
		2257D3B32A52C74B00F48CE7 /* Annotation.swift */ = {isa = PBXFileReference; lastKnownFileType = sourcecode.swift; path = Annotation.swift; sourceTree = "<group>"; };
		2274161C2A25D03400E0AA78 /* RealmExtension.swift */ = {isa = PBXFileReference; lastKnownFileType = sourcecode.swift; path = RealmExtension.swift; sourceTree = "<group>"; };
		2274161E2A25EE7E00E0AA78 /* MenuContentExtension.swift */ = {isa = PBXFileReference; lastKnownFileType = sourcecode.swift; path = MenuContentExtension.swift; sourceTree = "<group>"; };
		227416202A273F8200E0AA78 /* UiImageExtension.swift */ = {isa = PBXFileReference; lastKnownFileType = sourcecode.swift; path = UiImageExtension.swift; sourceTree = "<group>"; };
		227416322A2F312200E0AA78 /* AutoVitesse.entitlements */ = {isa = PBXFileReference; lastKnownFileType = text.plist.entitlements; path = AutoVitesse.entitlements; sourceTree = "<group>"; };
		227416332A2F52B900E0AA78 /* Info.plist */ = {isa = PBXFileReference; lastKnownFileType = text.plist.xml; path = Info.plist; sourceTree = "<group>"; };
		227416342A305E6A00E0AA78 /* FacebookSignUpView.swift */ = {isa = PBXFileReference; lastKnownFileType = sourcecode.swift; path = FacebookSignUpView.swift; sourceTree = "<group>"; };
		227416362A3060EC00E0AA78 /* FacebookSignUpExtension.swift */ = {isa = PBXFileReference; lastKnownFileType = sourcecode.swift; path = FacebookSignUpExtension.swift; sourceTree = "<group>"; };
		2276E0622A555DA50040C0E5 /* MyStorageView.swift */ = {isa = PBXFileReference; lastKnownFileType = sourcecode.swift; path = MyStorageView.swift; sourceTree = "<group>"; };
		2276E0662A557D630040C0E5 /* MyStorageExtension.swift */ = {isa = PBXFileReference; lastKnownFileType = sourcecode.swift; path = MyStorageExtension.swift; sourceTree = "<group>"; };
		2276E0702A56E4DA0040C0E5 /* Enviroment.swift */ = {isa = PBXFileReference; fileEncoding = 4; lastKnownFileType = sourcecode.swift; name = Enviroment.swift; path = ../../../Enviroment.swift; sourceTree = "<group>"; };
		22A45B832A45907B007410C0 /* DocumentDetailView.swift */ = {isa = PBXFileReference; lastKnownFileType = sourcecode.swift; path = DocumentDetailView.swift; sourceTree = "<group>"; };
		22A45B862A459F47007410C0 /* e46-m3-owners-manual.pdf */ = {isa = PBXFileReference; lastKnownFileType = image.pdf; path = "e46-m3-owners-manual.pdf"; sourceTree = "<group>"; };
		22C02CC12A0E71B9004FB233 /* SignInForm.swift */ = {isa = PBXFileReference; lastKnownFileType = sourcecode.swift; path = SignInForm.swift; sourceTree = "<group>"; };
		22C02CC32A0E737B004FB233 /* SignUpExtension.swift */ = {isa = PBXFileReference; lastKnownFileType = sourcecode.swift; path = SignUpExtension.swift; sourceTree = "<group>"; };
		22CE49CB2A31E8DA0017E033 /* CarsForSale.swift */ = {isa = PBXFileReference; lastKnownFileType = sourcecode.swift; path = CarsForSale.swift; sourceTree = "<group>"; };
		22CE49CD2A31F5730017E033 /* FilterView.swift */ = {isa = PBXFileReference; lastKnownFileType = sourcecode.swift; path = FilterView.swift; sourceTree = "<group>"; };
		22CE49CF2A31F73D0017E033 /* RangePicker.swift */ = {isa = PBXFileReference; lastKnownFileType = sourcecode.swift; path = RangePicker.swift; sourceTree = "<group>"; };
		22CE49D12A31FE290017E033 /* RangeFields.swift */ = {isa = PBXFileReference; lastKnownFileType = sourcecode.swift; path = RangeFields.swift; sourceTree = "<group>"; };
		22CE49D32A3315400017E033 /* LogOutView.swift */ = {isa = PBXFileReference; lastKnownFileType = sourcecode.swift; path = LogOutView.swift; sourceTree = "<group>"; };
		22CE49D52A3315F00017E033 /* AccentColorButtonText.swift */ = {isa = PBXFileReference; lastKnownFileType = sourcecode.swift; path = AccentColorButtonText.swift; sourceTree = "<group>"; };
		22CE49D72A3330DE0017E033 /* SearchBarCarsForSale.swift */ = {isa = PBXFileReference; lastKnownFileType = sourcecode.swift; path = SearchBarCarsForSale.swift; sourceTree = "<group>"; };
		22CE49D92A33335D0017E033 /* SortView.swift */ = {isa = PBXFileReference; lastKnownFileType = sourcecode.swift; path = SortView.swift; sourceTree = "<group>"; };
		22CE49DB2A3338CD0017E033 /* SortOrderButton.swift */ = {isa = PBXFileReference; lastKnownFileType = sourcecode.swift; path = SortOrderButton.swift; sourceTree = "<group>"; };
		22CE49DD2A37269A0017E033 /* CarForSale.swift */ = {isa = PBXFileReference; lastKnownFileType = sourcecode.swift; path = CarForSale.swift; sourceTree = "<group>"; };
		22CE49DF2A37292A0017E033 /* CarForSaleComponent.swift */ = {isa = PBXFileReference; lastKnownFileType = sourcecode.swift; path = CarForSaleComponent.swift; sourceTree = "<group>"; };
		22CE49E72A3741CF0017E033 /* SellACarForm.swift */ = {isa = PBXFileReference; lastKnownFileType = sourcecode.swift; path = SellACarForm.swift; sourceTree = "<group>"; };
		22CE49EB2A3868600017E033 /* NumericTextField.swift */ = {isa = PBXFileReference; lastKnownFileType = sourcecode.swift; path = NumericTextField.swift; sourceTree = "<group>"; };
		22CE49EF2A3885FC0017E033 /* SellACarFormExtension.swift */ = {isa = PBXFileReference; lastKnownFileType = sourcecode.swift; path = SellACarFormExtension.swift; sourceTree = "<group>"; };
		22CE49F12A39A6180017E033 /* CarDetailView.swift */ = {isa = PBXFileReference; lastKnownFileType = sourcecode.swift; path = CarDetailView.swift; sourceTree = "<group>"; usesTabs = 0; };
		22CE49F32A39B5890017E033 /* CarDetailItem.swift */ = {isa = PBXFileReference; lastKnownFileType = sourcecode.swift; path = CarDetailItem.swift; sourceTree = "<group>"; };
		22CE49F52A3AE9D80017E033 /* CarsForSaleExtension.swift */ = {isa = PBXFileReference; lastKnownFileType = sourcecode.swift; path = CarsForSaleExtension.swift; sourceTree = "<group>"; };
		22CE49FB2A3B3D710017E033 /* FilterViewExtension.swift */ = {isa = PBXFileReference; lastKnownFileType = sourcecode.swift; path = FilterViewExtension.swift; sourceTree = "<group>"; };
		22E26A572A0D11E300B21FD8 /* AutoVitesse.app */ = {isa = PBXFileReference; explicitFileType = wrapper.application; includeInIndex = 0; path = AutoVitesse.app; sourceTree = BUILT_PRODUCTS_DIR; };
		22E26A5A2A0D11E300B21FD8 /* AutoVitesseApp.swift */ = {isa = PBXFileReference; lastKnownFileType = sourcecode.swift; path = AutoVitesseApp.swift; sourceTree = "<group>"; };
		22E26A5C2A0D11E300B21FD8 /* ContentView.swift */ = {isa = PBXFileReference; lastKnownFileType = sourcecode.swift; path = ContentView.swift; sourceTree = "<group>"; };
		22E26A5E2A0D11E400B21FD8 /* Assets.xcassets */ = {isa = PBXFileReference; lastKnownFileType = folder.assetcatalog; path = Assets.xcassets; sourceTree = "<group>"; };
		22E26A612A0D11E400B21FD8 /* Preview Assets.xcassets */ = {isa = PBXFileReference; lastKnownFileType = folder.assetcatalog; path = "Preview Assets.xcassets"; sourceTree = "<group>"; };
		22E26A702A0D1D4D00B21FD8 /* User.swift */ = {isa = PBXFileReference; lastKnownFileType = sourcecode.swift; path = User.swift; sourceTree = "<group>"; };
		22E26A722A0D234800B21FD8 /* Car.swift */ = {isa = PBXFileReference; lastKnownFileType = sourcecode.swift; path = Car.swift; sourceTree = "<group>"; };
		22E26A742A0D27CC00B21FD8 /* SignUpForm.swift */ = {isa = PBXFileReference; lastKnownFileType = sourcecode.swift; path = SignUpForm.swift; sourceTree = "<group>"; };
		22E26A762A0D2E1200B21FD8 /* UtilData.swift */ = {isa = PBXFileReference; lastKnownFileType = sourcecode.swift; path = UtilData.swift; sourceTree = "<group>"; };
		22E414F62A417EAB002C31A1 /* Messages.swift */ = {isa = PBXFileReference; lastKnownFileType = sourcecode.swift; path = Messages.swift; sourceTree = "<group>"; };
		22E414FC2A4197F4002C31A1 /* CarMessageComposeView.swift */ = {isa = PBXFileReference; lastKnownFileType = sourcecode.swift; path = CarMessageComposeView.swift; sourceTree = "<group>"; };
		22E414FE2A41A465002C31A1 /* CarMessageExtension.swift */ = {isa = PBXFileReference; lastKnownFileType = sourcecode.swift; path = CarMessageExtension.swift; sourceTree = "<group>"; };
		22E415012A41ADD2002C31A1 /* MessagesView.swift */ = {isa = PBXFileReference; lastKnownFileType = sourcecode.swift; path = MessagesView.swift; sourceTree = "<group>"; };
		22E415032A42CAA4002C31A1 /* DualogueComponent.swift */ = {isa = PBXFileReference; lastKnownFileType = sourcecode.swift; path = DualogueComponent.swift; sourceTree = "<group>"; };
		22E415052A42E405002C31A1 /* DialogueDetailView.swift */ = {isa = PBXFileReference; lastKnownFileType = sourcecode.swift; path = DialogueDetailView.swift; sourceTree = "<group>"; };
		22E415072A42EB9E002C31A1 /* MessageComponent.swift */ = {isa = PBXFileReference; lastKnownFileType = sourcecode.swift; path = MessageComponent.swift; sourceTree = "<group>"; };
		22E415092A42F52F002C31A1 /* NewMessageTextField.swift */ = {isa = PBXFileReference; lastKnownFileType = sourcecode.swift; path = NewMessageTextField.swift; sourceTree = "<group>"; };
		22E4150C2A42FB09002C31A1 /* DialogueDetailExtension.swift */ = {isa = PBXFileReference; lastKnownFileType = sourcecode.swift; path = DialogueDetailExtension.swift; sourceTree = "<group>"; };
		22E4150E2A431238002C31A1 /* NewMessageTextFieldExtension.swift */ = {isa = PBXFileReference; lastKnownFileType = sourcecode.swift; path = NewMessageTextFieldExtension.swift; sourceTree = "<group>"; };
		22E5D94B2A12406E0088B869 /* SignInExtension.swift */ = {isa = PBXFileReference; lastKnownFileType = sourcecode.swift; path = SignInExtension.swift; sourceTree = "<group>"; };
		22E5D94E2A1247560088B869 /* TextFieldExtension.swift */ = {isa = PBXFileReference; lastKnownFileType = sourcecode.swift; path = TextFieldExtension.swift; sourceTree = "<group>"; };
		22E5D9502A1385BC0088B869 /* HomeView.swift */ = {isa = PBXFileReference; lastKnownFileType = sourcecode.swift; path = HomeView.swift; sourceTree = "<group>"; };
		22E5D9522A1386010088B869 /* ProfileView.swift */ = {isa = PBXFileReference; lastKnownFileType = sourcecode.swift; path = ProfileView.swift; sourceTree = "<group>"; };
		22E5D9542A139AD00088B869 /* Navbar.swift */ = {isa = PBXFileReference; lastKnownFileType = sourcecode.swift; path = Navbar.swift; sourceTree = "<group>"; };
		22E5D9562A139BC20088B869 /* LogOutButton.swift */ = {isa = PBXFileReference; lastKnownFileType = sourcecode.swift; path = LogOutButton.swift; sourceTree = "<group>"; };
		22E5D9582A139EF50088B869 /* LogOutButtonExtension.swift */ = {isa = PBXFileReference; lastKnownFileType = sourcecode.swift; path = LogOutButtonExtension.swift; sourceTree = "<group>"; };
		22E5D95C2A13AAB10088B869 /* SideMenuButton.swift */ = {isa = PBXFileReference; lastKnownFileType = sourcecode.swift; path = SideMenuButton.swift; sourceTree = "<group>"; };
		22E5D95E2A13B41D0088B869 /* FavouritesView.swift */ = {isa = PBXFileReference; lastKnownFileType = sourcecode.swift; path = FavouritesView.swift; sourceTree = "<group>"; };
		22E5D9602A14AE6A0088B869 /* EditForm.swift */ = {isa = PBXFileReference; lastKnownFileType = sourcecode.swift; path = EditForm.swift; sourceTree = "<group>"; };
		22E5D9622A14BEBE0088B869 /* EditFormExtension.swift */ = {isa = PBXFileReference; lastKnownFileType = sourcecode.swift; path = EditFormExtension.swift; sourceTree = "<group>"; };
		22E5D9642A14C2060088B869 /* ProfileViewExtension.swift */ = {isa = PBXFileReference; lastKnownFileType = sourcecode.swift; path = ProfileViewExtension.swift; sourceTree = "<group>"; };
		22E5D9662A14CBB40088B869 /* PasswordTextField.swift */ = {isa = PBXFileReference; lastKnownFileType = sourcecode.swift; path = PasswordTextField.swift; sourceTree = "<group>"; };
		22E5D9682A14CF1C0088B869 /* SideMenu.swift */ = {isa = PBXFileReference; lastKnownFileType = sourcecode.swift; path = SideMenu.swift; sourceTree = "<group>"; };
		22E5D96A2A14E2F80088B869 /* NavbarContainerView.swift */ = {isa = PBXFileReference; lastKnownFileType = sourcecode.swift; path = NavbarContainerView.swift; sourceTree = "<group>"; };
		22E5D96C2A14E6590088B869 /* NavbarContainerViewExtension.swift */ = {isa = PBXFileReference; lastKnownFileType = sourcecode.swift; path = NavbarContainerViewExtension.swift; sourceTree = "<group>"; };
		22E5D96F2A1622ED0088B869 /* Utils.swift */ = {isa = PBXFileReference; lastKnownFileType = sourcecode.swift; path = Utils.swift; sourceTree = "<group>"; };
		22E5D9712A163CE10088B869 /* PasswordTextFieldExtension.swift */ = {isa = PBXFileReference; lastKnownFileType = sourcecode.swift; path = PasswordTextFieldExtension.swift; sourceTree = "<group>"; };
		22E5D9732A1646870088B869 /* ConfirmPasswordTextField.swift */ = {isa = PBXFileReference; lastKnownFileType = sourcecode.swift; path = ConfirmPasswordTextField.swift; sourceTree = "<group>"; };
		22E5D9752A1647B10088B869 /* ConfirmPasswordTextFieldExtension.swift */ = {isa = PBXFileReference; lastKnownFileType = sourcecode.swift; path = ConfirmPasswordTextFieldExtension.swift; sourceTree = "<group>"; };
		22E5D9772A164B8C0088B869 /* EmailTextField.swift */ = {isa = PBXFileReference; lastKnownFileType = sourcecode.swift; path = EmailTextField.swift; sourceTree = "<group>"; };
		22E5D9792A164C800088B869 /* EmailTextFieldExtension.swift */ = {isa = PBXFileReference; lastKnownFileType = sourcecode.swift; path = EmailTextFieldExtension.swift; sourceTree = "<group>"; };
		22E5D97B2A1658200088B869 /* UsernameTextField.swift */ = {isa = PBXFileReference; lastKnownFileType = sourcecode.swift; path = UsernameTextField.swift; sourceTree = "<group>"; };
		22E5D97D2A1658BC0088B869 /* UsernameTextFieldExtension.swift */ = {isa = PBXFileReference; lastKnownFileType = sourcecode.swift; path = UsernameTextFieldExtension.swift; sourceTree = "<group>"; };
		22E5D9832A1795DC0088B869 /* CarsView.swift */ = {isa = PBXFileReference; lastKnownFileType = sourcecode.swift; path = CarsView.swift; sourceTree = "<group>"; };
		22E5D9852A17962D0088B869 /* PhotosView.swift */ = {isa = PBXFileReference; lastKnownFileType = sourcecode.swift; path = PhotosView.swift; sourceTree = "<group>"; };
		22E5D9872A1B68BC0088B869 /* SearchBarTextField.swift */ = {isa = PBXFileReference; lastKnownFileType = sourcecode.swift; path = SearchBarTextField.swift; sourceTree = "<group>"; };
		22E5D9892A1B6E840088B869 /* SearchBarTextFieldExtension.swift */ = {isa = PBXFileReference; lastKnownFileType = sourcecode.swift; path = SearchBarTextFieldExtension.swift; sourceTree = "<group>"; };
		22E5D98B2A1B8DA40088B869 /* CarComponent.swift */ = {isa = PBXFileReference; lastKnownFileType = sourcecode.swift; path = CarComponent.swift; sourceTree = "<group>"; };
		22E5D98D2A1B95B80088B869 /* CarsList.swift */ = {isa = PBXFileReference; lastKnownFileType = sourcecode.swift; path = CarsList.swift; sourceTree = "<group>"; };
		22E5D9912A1B98430088B869 /* ResultsExtension.swift */ = {isa = PBXFileReference; lastKnownFileType = sourcecode.swift; path = ResultsExtension.swift; sourceTree = "<group>"; };
		22E5D9952A1CB4510088B869 /* FavouriteCars.swift */ = {isa = PBXFileReference; lastKnownFileType = sourcecode.swift; path = FavouriteCars.swift; sourceTree = "<group>"; };
		22E5D9972A1CBBE40088B869 /* CarComponentExtension.swift */ = {isa = PBXFileReference; lastKnownFileType = sourcecode.swift; path = CarComponentExtension.swift; sourceTree = "<group>"; };
		22E5D99B2A1CD2240088B869 /* FavouritesViewExtension.swift */ = {isa = PBXFileReference; lastKnownFileType = sourcecode.swift; path = FavouritesViewExtension.swift; sourceTree = "<group>"; };
		22FACA972A209A4000EBF5D2 /* ImagePicker.swift */ = {isa = PBXFileReference; lastKnownFileType = sourcecode.swift; path = ImagePicker.swift; sourceTree = "<group>"; };
		22FACA992A20B36E00EBF5D2 /* PhotosViewExtension.swift */ = {isa = PBXFileReference; lastKnownFileType = sourcecode.swift; path = PhotosViewExtension.swift; sourceTree = "<group>"; };
		22FACA9B2A20B7E300EBF5D2 /* UserImage.swift */ = {isa = PBXFileReference; lastKnownFileType = sourcecode.swift; path = UserImage.swift; sourceTree = "<group>"; };
		22FACA9D2A20BE4600EBF5D2 /* UserImageComponent.swift */ = {isa = PBXFileReference; lastKnownFileType = sourcecode.swift; path = UserImageComponent.swift; sourceTree = "<group>"; };
		22FACA9F2A20BF7500EBF5D2 /* UserImagesList.swift */ = {isa = PBXFileReference; lastKnownFileType = sourcecode.swift; path = UserImagesList.swift; sourceTree = "<group>"; };
/* End PBXFileReference section */

/* Begin PBXFrameworksBuildPhase section */
		22E26A542A0D11E300B21FD8 /* Frameworks */ = {
			isa = PBXFrameworksBuildPhase;
			buildActionMask = 2147483647;
			files = (
				22A45B812A456BA5007410C0 /* PDFTron in Frameworks */,
				22E26A6C2A0D147D00B21FD8 /* RealmSwift in Frameworks */,
				2276E0952A5C232E0040C0E5 /* CheckBoxPackage in Frameworks */,
				22E26A6A2A0D147D00B21FD8 /* Realm in Frameworks */,
				227416312A2F283C00E0AA78 /* FacebookLogin in Frameworks */,
				2276E0602A5556CB0040C0E5 /* SwiftyDropbox in Frameworks */,
			);
			runOnlyForDeploymentPostprocessing = 0;
		};
/* End PBXFrameworksBuildPhase section */

/* Begin PBXGroup section */
		2257D3AC2A4C5EA700F48CE7 /* Documents */ = {
			isa = PBXGroup;
			children = (
				2257D3AD2A4C5ECC00F48CE7 /* DocumentDetailExtension.swift */,
				2257D3B12A4EE00500F48CE7 /* CopyDocument.swift */,
			);
			path = Documents;
			sourceTree = "<group>";
		};
		2276E0612A555D840040C0E5 /* MyStorage */ = {
			isa = PBXGroup;
			children = (
				2276E0622A555DA50040C0E5 /* MyStorageView.swift */,
			);
			path = MyStorage;
			sourceTree = "<group>";
		};
		2276E0652A557D4C0040C0E5 /* MyStorage */ = {
			isa = PBXGroup;
			children = (
				2276E0662A557D630040C0E5 /* MyStorageExtension.swift */,
			);
			path = MyStorage;
			sourceTree = "<group>";
		};
		22A45B822A459061007410C0 /* Documents */ = {
			isa = PBXGroup;
			children = (
				22A45B832A45907B007410C0 /* DocumentDetailView.swift */,
				22174A6A2A45B6450005CCD7 /* Documents.swift */,
				2257D3AF2A4EDA3200F48CE7 /* CopyDocumentView.swift */,
			);
			path = Documents;
			sourceTree = "<group>";
		};
		22A45B852A459F3C007410C0 /* pdfs */ = {
			isa = PBXGroup;
			children = (
				22174A6C2A45BB0B0005CCD7 /* Porsche-959-Driver-Manual.pdf */,
				22174A6E2A45C3460005CCD7 /* 2005_M5_Owners_Manual.pdf */,
				22A45B862A459F47007410C0 /* e46-m3-owners-manual.pdf */,
				22174A702A4981140005CCD7 /* Porsche-Carrera-GT-Owners-Manual.pdf */,
			);
			path = pdfs;
			sourceTree = "<group>";
		};
		22CE49E32A3734FA0017E033 /* HomeView */ = {
			isa = PBXGroup;
			children = (
				22E5D9602A14AE6A0088B869 /* EditForm.swift */,
				22E5D9502A1385BC0088B869 /* HomeView.swift */,
				22E5D9522A1386010088B869 /* ProfileView.swift */,
				22E5D95E2A13B41D0088B869 /* FavouritesView.swift */,
			);
			path = HomeView;
			sourceTree = "<group>";
		};
		22CE49E42A3735360017E033 /* PhotosView */ = {
			isa = PBXGroup;
			children = (
				22E5D9852A17962D0088B869 /* PhotosView.swift */,
				22FACA9D2A20BE4600EBF5D2 /* UserImageComponent.swift */,
				22FACA9F2A20BF7500EBF5D2 /* UserImagesList.swift */,
			);
			path = PhotosView;
			sourceTree = "<group>";
		};
		22CE49E52A3735510017E033 /* CarsView */ = {
			isa = PBXGroup;
			children = (
				22E5D9832A1795DC0088B869 /* CarsView.swift */,
				22E5D98B2A1B8DA40088B869 /* CarComponent.swift */,
				22E5D98D2A1B95B80088B869 /* CarsList.swift */,
			);
			path = CarsView;
			sourceTree = "<group>";
		};
		22CE49E62A3735700017E033 /* CarsForSaleView */ = {
			isa = PBXGroup;
			children = (
				22CE49CD2A31F5730017E033 /* FilterView.swift */,
				22CE49CB2A31E8DA0017E033 /* CarsForSale.swift */,
				22CE49D92A33335D0017E033 /* SortView.swift */,
				22CE49DF2A37292A0017E033 /* CarForSaleComponent.swift */,
				22CE49E72A3741CF0017E033 /* SellACarForm.swift */,
				22CE49F12A39A6180017E033 /* CarDetailView.swift */,
				22CE49F32A39B5890017E033 /* CarDetailItem.swift */,
				22E414FC2A4197F4002C31A1 /* CarMessageComposeView.swift */,
			);
			path = CarsForSaleView;
			sourceTree = "<group>";
		};
		22E26A4E2A0D11E300B21FD8 = {
			isa = PBXGroup;
			children = (
				22E26A592A0D11E300B21FD8 /* AutoVitesse */,
				22E26A582A0D11E300B21FD8 /* Products */,
			);
			sourceTree = "<group>";
		};
		22E26A582A0D11E300B21FD8 /* Products */ = {
			isa = PBXGroup;
			children = (
				22E26A572A0D11E300B21FD8 /* AutoVitesse.app */,
			);
			name = Products;
			sourceTree = "<group>";
		};
		22E26A592A0D11E300B21FD8 /* AutoVitesse */ = {
			isa = PBXGroup;
			children = (
				22A45B852A459F3C007410C0 /* pdfs */,
				227416332A2F52B900E0AA78 /* Info.plist */,
				227416322A2F312200E0AA78 /* AutoVitesse.entitlements */,
				2276E0702A56E4DA0040C0E5 /* Enviroment.swift */,
				22E5D94D2A12473F0088B869 /* Extensions */,
				22E26A6F2A0D170D00B21FD8 /* Controller */,
				22E26A6E2A0D170200B21FD8 /* View */,
				22E26A6D2A0D16F900B21FD8 /* Model */,
				22E26A5A2A0D11E300B21FD8 /* AutoVitesseApp.swift */,
				22E26A5E2A0D11E400B21FD8 /* Assets.xcassets */,
				22E26A602A0D11E400B21FD8 /* Preview Content */,
			);
			path = AutoVitesse;
			sourceTree = "<group>";
		};
		22E26A602A0D11E400B21FD8 /* Preview Content */ = {
			isa = PBXGroup;
			children = (
				22E26A612A0D11E400B21FD8 /* Preview Assets.xcassets */,
			);
			path = "Preview Content";
			sourceTree = "<group>";
		};
		22E26A6D2A0D16F900B21FD8 /* Model */ = {
			isa = PBXGroup;
			children = (
				22E26A702A0D1D4D00B21FD8 /* User.swift */,
				22E26A722A0D234800B21FD8 /* Car.swift */,
				22E26A762A0D2E1200B21FD8 /* UtilData.swift */,
				22E5D9952A1CB4510088B869 /* FavouriteCars.swift */,
				22FACA9B2A20B7E300EBF5D2 /* UserImage.swift */,
				22CE49DD2A37269A0017E033 /* CarForSale.swift */,
				22E414F62A417EAB002C31A1 /* Messages.swift */,
				2257D3B32A52C74B00F48CE7 /* Annotation.swift */,
			);
			path = Model;
			sourceTree = "<group>";
		};
		22E26A6E2A0D170200B21FD8 /* View */ = {
			isa = PBXGroup;
			children = (
				2276E0612A555D840040C0E5 /* MyStorage */,
				22A45B822A459061007410C0 /* Documents */,
				22E415002A41ADB4002C31A1 /* Messages */,
				22E414EE2A406E1C002C31A1 /* Components */,
				22E414ED2A40664B002C31A1 /* Authentecation */,
				22CE49E62A3735700017E033 /* CarsForSaleView */,
				22CE49E52A3735510017E033 /* CarsView */,
				22CE49E42A3735360017E033 /* PhotosView */,
				22CE49E32A3734FA0017E033 /* HomeView */,
				22E5D97F2A165AD80088B869 /* TextFields */,
				22E5D96E2A1622A40088B869 /* Navbar */,
				22E26A5C2A0D11E300B21FD8 /* ContentView.swift */,
			);
			path = View;
			sourceTree = "<group>";
		};
		22E26A6F2A0D170D00B21FD8 /* Controller */ = {
			isa = PBXGroup;
			children = (
				2276E0652A557D4C0040C0E5 /* MyStorage */,
				2257D3AC2A4C5EA700F48CE7 /* Documents */,
				22E4150B2A42FAF7002C31A1 /* Messages */,
				22E414F52A406F93002C31A1 /* CarsForSale */,
				22E414F42A406F87002C31A1 /* Photos */,
				22E414F32A406F52002C31A1 /* Cars */,
				22E414F22A406F39002C31A1 /* Home */,
				22E414F12A406EF8002C31A1 /* Navbar */,
				22E414EF2A406E56002C31A1 /* Authentecation */,
				22E5D9802A165AF40088B869 /* TextFields */,
				22E5D96F2A1622ED0088B869 /* Utils.swift */,
			);
			path = Controller;
			sourceTree = "<group>";
		};
		22E414ED2A40664B002C31A1 /* Authentecation */ = {
			isa = PBXGroup;
			children = (
				22E26A742A0D27CC00B21FD8 /* SignUpForm.swift */,
				22C02CC12A0E71B9004FB233 /* SignInForm.swift */,
				227416342A305E6A00E0AA78 /* FacebookSignUpView.swift */,
				224AD06D2A3067690035FF47 /* FacebookButton.swift */,
			);
			path = Authentecation;
			sourceTree = "<group>";
		};
		22E414EE2A406E1C002C31A1 /* Components */ = {
			isa = PBXGroup;
			children = (
				22CE49DB2A3338CD0017E033 /* SortOrderButton.swift */,
				22CE49D52A3315F00017E033 /* AccentColorButtonText.swift */,
				22CE49D12A31FE290017E033 /* RangeFields.swift */,
				22CE49CF2A31F73D0017E033 /* RangePicker.swift */,
				22FACA972A209A4000EBF5D2 /* ImagePicker.swift */,
			);
			path = Components;
			sourceTree = "<group>";
		};
		22E414EF2A406E56002C31A1 /* Authentecation */ = {
			isa = PBXGroup;
			children = (
				22E5D94B2A12406E0088B869 /* SignInExtension.swift */,
				227416362A3060EC00E0AA78 /* FacebookSignUpExtension.swift */,
				224AD06F2A306B960035FF47 /* FacebookButtonExtension.swift */,
				22C02CC32A0E737B004FB233 /* SignUpExtension.swift */,
			);
			path = Authentecation;
			sourceTree = "<group>";
		};
		22E414F12A406EF8002C31A1 /* Navbar */ = {
			isa = PBXGroup;
			children = (
				2274161E2A25EE7E00E0AA78 /* MenuContentExtension.swift */,
				22E5D9582A139EF50088B869 /* LogOutButtonExtension.swift */,
				22E5D96C2A14E6590088B869 /* NavbarContainerViewExtension.swift */,
			);
			path = Navbar;
			sourceTree = "<group>";
		};
		22E414F22A406F39002C31A1 /* Home */ = {
			isa = PBXGroup;
			children = (
				22E5D9622A14BEBE0088B869 /* EditFormExtension.swift */,
				22E5D99B2A1CD2240088B869 /* FavouritesViewExtension.swift */,
				22E5D9642A14C2060088B869 /* ProfileViewExtension.swift */,
			);
			path = Home;
			sourceTree = "<group>";
		};
		22E414F32A406F52002C31A1 /* Cars */ = {
			isa = PBXGroup;
			children = (
				22E5D9972A1CBBE40088B869 /* CarComponentExtension.swift */,
			);
			path = Cars;
			sourceTree = "<group>";
		};
		22E414F42A406F87002C31A1 /* Photos */ = {
			isa = PBXGroup;
			children = (
				22FACA992A20B36E00EBF5D2 /* PhotosViewExtension.swift */,
			);
			path = Photos;
			sourceTree = "<group>";
		};
		22E414F52A406F93002C31A1 /* CarsForSale */ = {
			isa = PBXGroup;
			children = (
				22CE49EF2A3885FC0017E033 /* SellACarFormExtension.swift */,
				22CE49FB2A3B3D710017E033 /* FilterViewExtension.swift */,
				22CE49F52A3AE9D80017E033 /* CarsForSaleExtension.swift */,
				22E414FE2A41A465002C31A1 /* CarMessageExtension.swift */,
			);
			path = CarsForSale;
			sourceTree = "<group>";
		};
		22E415002A41ADB4002C31A1 /* Messages */ = {
			isa = PBXGroup;
			children = (
				22E415012A41ADD2002C31A1 /* MessagesView.swift */,
				22E415032A42CAA4002C31A1 /* DualogueComponent.swift */,
				22E415052A42E405002C31A1 /* DialogueDetailView.swift */,
				22E415072A42EB9E002C31A1 /* MessageComponent.swift */,
				22E415092A42F52F002C31A1 /* NewMessageTextField.swift */,
			);
			path = Messages;
			sourceTree = "<group>";
		};
		22E4150B2A42FAF7002C31A1 /* Messages */ = {
			isa = PBXGroup;
			children = (
				22E4150C2A42FB09002C31A1 /* DialogueDetailExtension.swift */,
				22E4150E2A431238002C31A1 /* NewMessageTextFieldExtension.swift */,
			);
			path = Messages;
			sourceTree = "<group>";
		};
		22E5D94D2A12473F0088B869 /* Extensions */ = {
			isa = PBXGroup;
			children = (
				22E5D94E2A1247560088B869 /* TextFieldExtension.swift */,
				22E5D9912A1B98430088B869 /* ResultsExtension.swift */,
				2274161C2A25D03400E0AA78 /* RealmExtension.swift */,
				227416202A273F8200E0AA78 /* UiImageExtension.swift */,
			);
			path = Extensions;
			sourceTree = "<group>";
		};
		22E5D96E2A1622A40088B869 /* Navbar */ = {
			isa = PBXGroup;
			children = (
				22E5D9682A14CF1C0088B869 /* SideMenu.swift */,
				22CE49D32A3315400017E033 /* LogOutView.swift */,
				22E5D96A2A14E2F80088B869 /* NavbarContainerView.swift */,
				22E5D9542A139AD00088B869 /* Navbar.swift */,
				22E5D9562A139BC20088B869 /* LogOutButton.swift */,
				22E5D95C2A13AAB10088B869 /* SideMenuButton.swift */,
			);
			path = Navbar;
			sourceTree = "<group>";
		};
		22E5D97F2A165AD80088B869 /* TextFields */ = {
			isa = PBXGroup;
			children = (
				22CE49D72A3330DE0017E033 /* SearchBarCarsForSale.swift */,
				22E5D97B2A1658200088B869 /* UsernameTextField.swift */,
				22E5D9732A1646870088B869 /* ConfirmPasswordTextField.swift */,
				22E5D9772A164B8C0088B869 /* EmailTextField.swift */,
				22E5D9662A14CBB40088B869 /* PasswordTextField.swift */,
				22E5D9872A1B68BC0088B869 /* SearchBarTextField.swift */,
				22CE49EB2A3868600017E033 /* NumericTextField.swift */,
			);
			path = TextFields;
			sourceTree = "<group>";
		};
		22E5D9802A165AF40088B869 /* TextFields */ = {
			isa = PBXGroup;
			children = (
				22E5D9792A164C800088B869 /* EmailTextFieldExtension.swift */,
				22E5D97D2A1658BC0088B869 /* UsernameTextFieldExtension.swift */,
				22E5D9752A1647B10088B869 /* ConfirmPasswordTextFieldExtension.swift */,
				22E5D9712A163CE10088B869 /* PasswordTextFieldExtension.swift */,
				22E5D9892A1B6E840088B869 /* SearchBarTextFieldExtension.swift */,
			);
			path = TextFields;
			sourceTree = "<group>";
		};
/* End PBXGroup section */

/* Begin PBXNativeTarget section */
		22E26A562A0D11E300B21FD8 /* AutoVitesse */ = {
			isa = PBXNativeTarget;
			buildConfigurationList = 22E26A652A0D11E400B21FD8 /* Build configuration list for PBXNativeTarget "AutoVitesse" */;
			buildPhases = (
				22E26A532A0D11E300B21FD8 /* Sources */,
				22E26A542A0D11E300B21FD8 /* Frameworks */,
				22E26A552A0D11E300B21FD8 /* Resources */,
				2276E0742A57E7190040C0E5 /* ShellScript */,
			);
			buildRules = (
			);
			dependencies = (
			);
			name = AutoVitesse;
			packageProductDependencies = (
				22E26A692A0D147D00B21FD8 /* Realm */,
				22E26A6B2A0D147D00B21FD8 /* RealmSwift */,
				227416302A2F283C00E0AA78 /* FacebookLogin */,
				22A45B802A456BA5007410C0 /* PDFTron */,
				2276E05F2A5556CB0040C0E5 /* SwiftyDropbox */,
				2276E0942A5C232E0040C0E5 /* CheckBoxPackage */,
			);
			productName = AutoVitesse;
			productReference = 22E26A572A0D11E300B21FD8 /* AutoVitesse.app */;
			productType = "com.apple.product-type.application";
		};
/* End PBXNativeTarget section */

/* Begin PBXProject section */
		22E26A4F2A0D11E300B21FD8 /* Project object */ = {
			isa = PBXProject;
			attributes = {
				BuildIndependentTargetsInParallel = 1;
				LastSwiftUpdateCheck = 1430;
				LastUpgradeCheck = 1430;
				TargetAttributes = {
					22E26A562A0D11E300B21FD8 = {
						CreatedOnToolsVersion = 14.3;
					};
				};
			};
			buildConfigurationList = 22E26A522A0D11E300B21FD8 /* Build configuration list for PBXProject "AutoVitesse" */;
			compatibilityVersion = "Xcode 14.0";
			developmentRegion = en;
			hasScannedForEncodings = 0;
			knownRegions = (
				en,
				Base,
			);
			mainGroup = 22E26A4E2A0D11E300B21FD8;
			packageReferences = (
				22E26A682A0D147D00B21FD8 /* XCRemoteSwiftPackageReference "realm-swift" */,
				2274162F2A2F283C00E0AA78 /* XCRemoteSwiftPackageReference "facebook-ios-sdk" */,
				22A45B7F2A456BA5007410C0 /* XCRemoteSwiftPackageReference "pdftron-apple-package" */,
				2276E05E2A5556CB0040C0E5 /* XCRemoteSwiftPackageReference "SwiftyDropbox" */,
				2276E0932A5C232E0040C0E5 /* XCRemoteSwiftPackageReference "CheckBoxWithActionPackage" */,
			);
			productRefGroup = 22E26A582A0D11E300B21FD8 /* Products */;
			projectDirPath = "";
			projectRoot = "";
			targets = (
				22E26A562A0D11E300B21FD8 /* AutoVitesse */,
			);
		};
/* End PBXProject section */

/* Begin PBXResourcesBuildPhase section */
		22E26A552A0D11E300B21FD8 /* Resources */ = {
			isa = PBXResourcesBuildPhase;
			buildActionMask = 2147483647;
			files = (
				22174A712A4981140005CCD7 /* Porsche-Carrera-GT-Owners-Manual.pdf in Resources */,
				22A45B872A459F47007410C0 /* e46-m3-owners-manual.pdf in Resources */,
				22174A6F2A45C3460005CCD7 /* 2005_M5_Owners_Manual.pdf in Resources */,
				22E26A622A0D11E400B21FD8 /* Preview Assets.xcassets in Resources */,
				22174A6D2A45BB0B0005CCD7 /* Porsche-959-Driver-Manual.pdf in Resources */,
				22E26A5F2A0D11E400B21FD8 /* Assets.xcassets in Resources */,
			);
			runOnlyForDeploymentPostprocessing = 0;
		};
/* End PBXResourcesBuildPhase section */

/* Begin PBXShellScriptBuildPhase section */
		2276E0742A57E7190040C0E5 /* ShellScript */ = {
			isa = PBXShellScriptBuildPhase;
			buildActionMask = 2147483647;
			files = (
			);
			inputFileListPaths = (
			);
			inputPaths = (
			);
			outputFileListPaths = (
			);
			outputPaths = (
			);
			runOnlyForDeploymentPostprocessing = 0;
			shellPath = /bin/sh;
			shellScript = "if [[ \"$(uname -m)\" == arm64 ]]; then\n    export PATH=\"/opt/homebrew/bin:$PATH\"\nfi\n\nif which swiftlint > /dev/null; then\n  swiftlint\nelse\n  echo \"warning: SwiftLint not installed, download from https://github.com/realm/SwiftLint\"\nfi\n";
		};
/* End PBXShellScriptBuildPhase section */

/* Begin PBXSourcesBuildPhase section */
		22E26A532A0D11E300B21FD8 /* Sources */ = {
			isa = PBXSourcesBuildPhase;
			buildActionMask = 2147483647;
			files = (
				22FACA9C2A20B7E300EBF5D2 /* UserImage.swift in Sources */,
				22C02CC22A0E71B9004FB233 /* SignInForm.swift in Sources */,
				22E414FD2A4197F4002C31A1 /* CarMessageComposeView.swift in Sources */,
				22E415082A42EB9E002C31A1 /* MessageComponent.swift in Sources */,
				22FACAA02A20BF7500EBF5D2 /* UserImagesList.swift in Sources */,
				22E5D9612A14AE6A0088B869 /* EditForm.swift in Sources */,
				22E5D97E2A1658BC0088B869 /* UsernameTextFieldExtension.swift in Sources */,
				22E5D9672A14CBB40088B869 /* PasswordTextField.swift in Sources */,
				22C02CC42A0E737B004FB233 /* SignUpExtension.swift in Sources */,
				22E414F72A417EAB002C31A1 /* Messages.swift in Sources */,
				22E5D95F2A13B41D0088B869 /* FavouritesView.swift in Sources */,
				22E26A752A0D27CC00B21FD8 /* SignUpForm.swift in Sources */,
				22E5D97A2A164C800088B869 /* EmailTextFieldExtension.swift in Sources */,
				22E5D9782A164B8C0088B869 /* EmailTextField.swift in Sources */,
				22E5D96B2A14E2F80088B869 /* NavbarContainerView.swift in Sources */,
				2276E0672A557D630040C0E5 /* MyStorageExtension.swift in Sources */,
				22E26A5D2A0D11E300B21FD8 /* ContentView.swift in Sources */,
				22CE49EC2A3868600017E033 /* NumericTextField.swift in Sources */,
				22E5D9702A1622ED0088B869 /* Utils.swift in Sources */,
				22FACA982A209A4000EBF5D2 /* ImagePicker.swift in Sources */,
				22E5D9652A14C2060088B869 /* ProfileViewExtension.swift in Sources */,
				22E5D98C2A1B8DA40088B869 /* CarComponent.swift in Sources */,
				22CE49CE2A31F5730017E033 /* FilterView.swift in Sources */,
				2257D3B22A4EE00500F48CE7 /* CopyDocument.swift in Sources */,
				22CE49DC2A3338CD0017E033 /* SortOrderButton.swift in Sources */,
				22E5D9842A1795DC0088B869 /* CarsView.swift in Sources */,
				22CE49E02A37292A0017E033 /* CarForSaleComponent.swift in Sources */,
				22CE49E82A3741CF0017E033 /* SellACarForm.swift in Sources */,
				22E414FF2A41A465002C31A1 /* CarMessageExtension.swift in Sources */,
				22E5D9632A14BEBE0088B869 /* EditFormExtension.swift in Sources */,
				22CE49D82A3330DE0017E033 /* SearchBarCarsForSale.swift in Sources */,
				22E5D9882A1B68BC0088B869 /* SearchBarTextField.swift in Sources */,
				22CE49CC2A31E8DA0017E033 /* CarsForSale.swift in Sources */,
				22174A6B2A45B6450005CCD7 /* Documents.swift in Sources */,
				2276E0712A56E4DA0040C0E5 /* Enviroment.swift in Sources */,
				22A45B842A45907B007410C0 /* DocumentDetailView.swift in Sources */,
				22E5D9532A1386010088B869 /* ProfileView.swift in Sources */,
				22E5D95D2A13AAB10088B869 /* SideMenuButton.swift in Sources */,
				22E4150F2A431238002C31A1 /* NewMessageTextFieldExtension.swift in Sources */,
				22E5D9692A14CF1C0088B869 /* SideMenu.swift in Sources */,
				22E5D98A2A1B6E840088B869 /* SearchBarTextFieldExtension.swift in Sources */,
				22E4150D2A42FB09002C31A1 /* DialogueDetailExtension.swift in Sources */,
				22E5D9592A139EF50088B869 /* LogOutButtonExtension.swift in Sources */,
				22E5D98E2A1B95B80088B869 /* CarsList.swift in Sources */,
				2274161F2A25EE7E00E0AA78 /* MenuContentExtension.swift in Sources */,
				224AD0702A306B960035FF47 /* FacebookButtonExtension.swift in Sources */,
				22E26A712A0D1D4D00B21FD8 /* User.swift in Sources */,
				22CE49F02A3885FC0017E033 /* SellACarFormExtension.swift in Sources */,
				22CE49D42A3315400017E033 /* LogOutView.swift in Sources */,
				22CE49D62A3315F00017E033 /* AccentColorButtonText.swift in Sources */,
				22E5D9922A1B98430088B869 /* ResultsExtension.swift in Sources */,
				22CE49F42A39B5890017E033 /* CarDetailItem.swift in Sources */,
				22CE49F22A39A6180017E033 /* CarDetailView.swift in Sources */,
				2274161D2A25D03400E0AA78 /* RealmExtension.swift in Sources */,
				22E4150A2A42F52F002C31A1 /* NewMessageTextField.swift in Sources */,
				227416212A273F8200E0AA78 /* UiImageExtension.swift in Sources */,
				22FACA9E2A20BE4600EBF5D2 /* UserImageComponent.swift in Sources */,
				22E5D9552A139AD00088B869 /* Navbar.swift in Sources */,
				22E415022A41ADD2002C31A1 /* MessagesView.swift in Sources */,
				22E5D9762A1647B10088B869 /* ConfirmPasswordTextFieldExtension.swift in Sources */,
				227416372A3060EC00E0AA78 /* FacebookSignUpExtension.swift in Sources */,
				22E415042A42CAA4002C31A1 /* DualogueComponent.swift in Sources */,
				22E5D9982A1CBBE40088B869 /* CarComponentExtension.swift in Sources */,
				22E5D9512A1385BC0088B869 /* HomeView.swift in Sources */,
				22E5D94F2A1247560088B869 /* TextFieldExtension.swift in Sources */,
				22E5D97C2A1658200088B869 /* UsernameTextField.swift in Sources */,
				22E415062A42E405002C31A1 /* DialogueDetailView.swift in Sources */,
				22E5D9742A1646870088B869 /* ConfirmPasswordTextField.swift in Sources */,
				22CE49DA2A33335D0017E033 /* SortView.swift in Sources */,
				22E5D96D2A14E6590088B869 /* NavbarContainerViewExtension.swift in Sources */,
				22CE49DE2A37269A0017E033 /* CarForSale.swift in Sources */,
				2257D3B42A52C74B00F48CE7 /* Annotation.swift in Sources */,
				22CE49D22A31FE290017E033 /* RangeFields.swift in Sources */,
				22E5D9572A139BC20088B869 /* LogOutButton.swift in Sources */,
				2257D3AE2A4C5ECC00F48CE7 /* DocumentDetailExtension.swift in Sources */,
				22CE49FC2A3B3D710017E033 /* FilterViewExtension.swift in Sources */,
				22E5D94C2A12406E0088B869 /* SignInExtension.swift in Sources */,
				22E26A732A0D234800B21FD8 /* Car.swift in Sources */,
				22E26A772A0D2E1200B21FD8 /* UtilData.swift in Sources */,
				22E5D9962A1CB4510088B869 /* FavouriteCars.swift in Sources */,
				22FACA9A2A20B36E00EBF5D2 /* PhotosViewExtension.swift in Sources */,
				22E5D9722A163CE10088B869 /* PasswordTextFieldExtension.swift in Sources */,
				22E26A5B2A0D11E300B21FD8 /* AutoVitesseApp.swift in Sources */,
				22E5D9862A17962D0088B869 /* PhotosView.swift in Sources */,
				2276E0632A555DA50040C0E5 /* MyStorageView.swift in Sources */,
				224AD06E2A3067690035FF47 /* FacebookButton.swift in Sources */,
				227416352A305E6A00E0AA78 /* FacebookSignUpView.swift in Sources */,
				22CE49D02A31F73E0017E033 /* RangePicker.swift in Sources */,
				2257D3B02A4EDA3200F48CE7 /* CopyDocumentView.swift in Sources */,
				22E5D99C2A1CD2240088B869 /* FavouritesViewExtension.swift in Sources */,
				22CE49F62A3AE9D80017E033 /* CarsForSaleExtension.swift in Sources */,
			);
			runOnlyForDeploymentPostprocessing = 0;
		};
/* End PBXSourcesBuildPhase section */

/* Begin XCBuildConfiguration section */
		22E26A632A0D11E400B21FD8 /* Debug */ = {
			isa = XCBuildConfiguration;
			buildSettings = {
				ALWAYS_SEARCH_USER_PATHS = NO;
				CLANG_ANALYZER_NONNULL = YES;
				CLANG_ANALYZER_NUMBER_OBJECT_CONVERSION = YES_AGGRESSIVE;
				CLANG_CXX_LANGUAGE_STANDARD = "gnu++20";
				CLANG_ENABLE_MODULES = YES;
				CLANG_ENABLE_OBJC_ARC = YES;
				CLANG_ENABLE_OBJC_WEAK = YES;
				CLANG_WARN_BLOCK_CAPTURE_AUTORELEASING = YES;
				CLANG_WARN_BOOL_CONVERSION = YES;
				CLANG_WARN_COMMA = YES;
				CLANG_WARN_CONSTANT_CONVERSION = YES;
				CLANG_WARN_DEPRECATED_OBJC_IMPLEMENTATIONS = YES;
				CLANG_WARN_DIRECT_OBJC_ISA_USAGE = YES_ERROR;
				CLANG_WARN_DOCUMENTATION_COMMENTS = YES;
				CLANG_WARN_EMPTY_BODY = YES;
				CLANG_WARN_ENUM_CONVERSION = YES;
				CLANG_WARN_INFINITE_RECURSION = YES;
				CLANG_WARN_INT_CONVERSION = YES;
				CLANG_WARN_NON_LITERAL_NULL_CONVERSION = YES;
				CLANG_WARN_OBJC_IMPLICIT_RETAIN_SELF = YES;
				CLANG_WARN_OBJC_LITERAL_CONVERSION = YES;
				CLANG_WARN_OBJC_ROOT_CLASS = YES_ERROR;
				CLANG_WARN_QUOTED_INCLUDE_IN_FRAMEWORK_HEADER = YES;
				CLANG_WARN_RANGE_LOOP_ANALYSIS = YES;
				CLANG_WARN_STRICT_PROTOTYPES = YES;
				CLANG_WARN_SUSPICIOUS_MOVE = YES;
				CLANG_WARN_UNGUARDED_AVAILABILITY = YES_AGGRESSIVE;
				CLANG_WARN_UNREACHABLE_CODE = YES;
				CLANG_WARN__DUPLICATE_METHOD_MATCH = YES;
				COPY_PHASE_STRIP = NO;
				DEBUG_INFORMATION_FORMAT = dwarf;
				ENABLE_STRICT_OBJC_MSGSEND = YES;
				ENABLE_TESTABILITY = YES;
				GCC_C_LANGUAGE_STANDARD = gnu11;
				GCC_DYNAMIC_NO_PIC = NO;
				GCC_NO_COMMON_BLOCKS = YES;
				GCC_OPTIMIZATION_LEVEL = 0;
				GCC_PREPROCESSOR_DEFINITIONS = (
					"DEBUG=1",
					"$(inherited)",
				);
				GCC_WARN_64_TO_32_BIT_CONVERSION = YES;
				GCC_WARN_ABOUT_RETURN_TYPE = YES_ERROR;
				GCC_WARN_UNDECLARED_SELECTOR = YES;
				GCC_WARN_UNINITIALIZED_AUTOS = YES_AGGRESSIVE;
				GCC_WARN_UNUSED_FUNCTION = YES;
				GCC_WARN_UNUSED_VARIABLE = YES;
				IPHONEOS_DEPLOYMENT_TARGET = 16.4;
				MTL_ENABLE_DEBUG_INFO = INCLUDE_SOURCE;
				MTL_FAST_MATH = YES;
				ONLY_ACTIVE_ARCH = YES;
				SDKROOT = iphoneos;
				SWIFT_ACTIVE_COMPILATION_CONDITIONS = DEBUG;
				SWIFT_OPTIMIZATION_LEVEL = "-Onone";
			};
			name = Debug;
		};
		22E26A642A0D11E400B21FD8 /* Release */ = {
			isa = XCBuildConfiguration;
			buildSettings = {
				ALWAYS_SEARCH_USER_PATHS = NO;
				CLANG_ANALYZER_NONNULL = YES;
				CLANG_ANALYZER_NUMBER_OBJECT_CONVERSION = YES_AGGRESSIVE;
				CLANG_CXX_LANGUAGE_STANDARD = "gnu++20";
				CLANG_ENABLE_MODULES = YES;
				CLANG_ENABLE_OBJC_ARC = YES;
				CLANG_ENABLE_OBJC_WEAK = YES;
				CLANG_WARN_BLOCK_CAPTURE_AUTORELEASING = YES;
				CLANG_WARN_BOOL_CONVERSION = YES;
				CLANG_WARN_COMMA = YES;
				CLANG_WARN_CONSTANT_CONVERSION = YES;
				CLANG_WARN_DEPRECATED_OBJC_IMPLEMENTATIONS = YES;
				CLANG_WARN_DIRECT_OBJC_ISA_USAGE = YES_ERROR;
				CLANG_WARN_DOCUMENTATION_COMMENTS = YES;
				CLANG_WARN_EMPTY_BODY = YES;
				CLANG_WARN_ENUM_CONVERSION = YES;
				CLANG_WARN_INFINITE_RECURSION = YES;
				CLANG_WARN_INT_CONVERSION = YES;
				CLANG_WARN_NON_LITERAL_NULL_CONVERSION = YES;
				CLANG_WARN_OBJC_IMPLICIT_RETAIN_SELF = YES;
				CLANG_WARN_OBJC_LITERAL_CONVERSION = YES;
				CLANG_WARN_OBJC_ROOT_CLASS = YES_ERROR;
				CLANG_WARN_QUOTED_INCLUDE_IN_FRAMEWORK_HEADER = YES;
				CLANG_WARN_RANGE_LOOP_ANALYSIS = YES;
				CLANG_WARN_STRICT_PROTOTYPES = YES;
				CLANG_WARN_SUSPICIOUS_MOVE = YES;
				CLANG_WARN_UNGUARDED_AVAILABILITY = YES_AGGRESSIVE;
				CLANG_WARN_UNREACHABLE_CODE = YES;
				CLANG_WARN__DUPLICATE_METHOD_MATCH = YES;
				COPY_PHASE_STRIP = NO;
				DEBUG_INFORMATION_FORMAT = "dwarf-with-dsym";
				ENABLE_NS_ASSERTIONS = NO;
				ENABLE_STRICT_OBJC_MSGSEND = YES;
				GCC_C_LANGUAGE_STANDARD = gnu11;
				GCC_NO_COMMON_BLOCKS = YES;
				GCC_WARN_64_TO_32_BIT_CONVERSION = YES;
				GCC_WARN_ABOUT_RETURN_TYPE = YES_ERROR;
				GCC_WARN_UNDECLARED_SELECTOR = YES;
				GCC_WARN_UNINITIALIZED_AUTOS = YES_AGGRESSIVE;
				GCC_WARN_UNUSED_FUNCTION = YES;
				GCC_WARN_UNUSED_VARIABLE = YES;
				IPHONEOS_DEPLOYMENT_TARGET = 16.4;
				MTL_ENABLE_DEBUG_INFO = NO;
				MTL_FAST_MATH = YES;
				SDKROOT = iphoneos;
				SWIFT_COMPILATION_MODE = wholemodule;
				SWIFT_OPTIMIZATION_LEVEL = "-O";
				VALIDATE_PRODUCT = YES;
			};
			name = Release;
		};
		22E26A662A0D11E400B21FD8 /* Debug */ = {
			isa = XCBuildConfiguration;
			buildSettings = {
				ASSETCATALOG_COMPILER_APPICON_NAME = AppIcon;
				ASSETCATALOG_COMPILER_GLOBAL_ACCENT_COLOR_NAME = AccentColor;
				CODE_SIGN_ENTITLEMENTS = AutoVitesse/AutoVitesse.entitlements;
				CODE_SIGN_STYLE = Automatic;
				CURRENT_PROJECT_VERSION = 1;
				DEVELOPMENT_ASSET_PATHS = "\"AutoVitesse/Preview Content\"";
				DEVELOPMENT_TEAM = P9HCF88VHS;
				ENABLE_PREVIEWS = YES;
				GENERATE_INFOPLIST_FILE = YES;
				INFOPLIST_FILE = AutoVitesse/Info.plist;
				INFOPLIST_KEY_NSBluetoothAlwaysUsageDescription = "AutoVitesse requires access to your Bluetooth to detect if an Apple Pencil is paired. This enables palm rejection and the ability to scroll with one finger while annotating.";
				INFOPLIST_KEY_NSBluetoothPeripheralUsageDescription = "AutoVitesse requires access to your Bluetooth to detect if an Apple Pencil is paired. This enables palm rejection and the ability to scroll with one finger while annotating.";
				INFOPLIST_KEY_NSCameraUsageDescription = "AutoVitesse requires access to your camera to capture and use images.";
				INFOPLIST_KEY_NSPhotoLibraryAddUsageDescription = "AutoVitesse requires permission to add images to your photo library.";
				INFOPLIST_KEY_NSPhotoLibraryUsageDescription = "AutoVitesse requires access to your photo library to create signatures and annotations from images.";
				INFOPLIST_KEY_UIApplicationSceneManifest_Generation = YES;
				INFOPLIST_KEY_UIApplicationSupportsIndirectInputEvents = YES;
				INFOPLIST_KEY_UILaunchScreen_Generation = YES;
				INFOPLIST_KEY_UISupportedInterfaceOrientations_iPad = "UIInterfaceOrientationPortrait UIInterfaceOrientationPortraitUpsideDown UIInterfaceOrientationLandscapeLeft UIInterfaceOrientationLandscapeRight";
				INFOPLIST_KEY_UISupportedInterfaceOrientations_iPhone = "UIInterfaceOrientationPortrait UIInterfaceOrientationLandscapeLeft UIInterfaceOrientationLandscapeRight";
				LD_RUNPATH_SEARCH_PATHS = (
					"$(inherited)",
					"@executable_path/Frameworks",
				);
				MARKETING_VERSION = 1.0;
				PRODUCT_BUNDLE_IDENTIFIER = com.dany.AutoVitesse;
				PRODUCT_NAME = "$(TARGET_NAME)";
				SWIFT_EMIT_LOC_STRINGS = YES;
				SWIFT_VERSION = 5.0;
				TARGETED_DEVICE_FAMILY = "1,2";
			};
			name = Debug;
		};
		22E26A672A0D11E400B21FD8 /* Release */ = {
			isa = XCBuildConfiguration;
			buildSettings = {
				ASSETCATALOG_COMPILER_APPICON_NAME = AppIcon;
				ASSETCATALOG_COMPILER_GLOBAL_ACCENT_COLOR_NAME = AccentColor;
				CODE_SIGN_ENTITLEMENTS = AutoVitesse/AutoVitesse.entitlements;
				CODE_SIGN_STYLE = Automatic;
				CURRENT_PROJECT_VERSION = 1;
				DEVELOPMENT_ASSET_PATHS = "\"AutoVitesse/Preview Content\"";
				DEVELOPMENT_TEAM = P9HCF88VHS;
				ENABLE_PREVIEWS = YES;
				GENERATE_INFOPLIST_FILE = YES;
				INFOPLIST_FILE = AutoVitesse/Info.plist;
				INFOPLIST_KEY_NSBluetoothAlwaysUsageDescription = "AutoVitesse requires access to your Bluetooth to detect if an Apple Pencil is paired. This enables palm rejection and the ability to scroll with one finger while annotating.";
				INFOPLIST_KEY_NSBluetoothPeripheralUsageDescription = "AutoVitesse requires access to your Bluetooth to detect if an Apple Pencil is paired. This enables palm rejection and the ability to scroll with one finger while annotating.";
				INFOPLIST_KEY_NSCameraUsageDescription = "AutoVitesse requires access to your camera to capture and use images.";
				INFOPLIST_KEY_NSPhotoLibraryAddUsageDescription = "AutoVitesse requires permission to add images to your photo library.";
				INFOPLIST_KEY_NSPhotoLibraryUsageDescription = "AutoVitesse requires access to your photo library to create signatures and annotations from images.";
				INFOPLIST_KEY_UIApplicationSceneManifest_Generation = YES;
				INFOPLIST_KEY_UIApplicationSupportsIndirectInputEvents = YES;
				INFOPLIST_KEY_UILaunchScreen_Generation = YES;
				INFOPLIST_KEY_UISupportedInterfaceOrientations_iPad = "UIInterfaceOrientationPortrait UIInterfaceOrientationPortraitUpsideDown UIInterfaceOrientationLandscapeLeft UIInterfaceOrientationLandscapeRight";
				INFOPLIST_KEY_UISupportedInterfaceOrientations_iPhone = "UIInterfaceOrientationPortrait UIInterfaceOrientationLandscapeLeft UIInterfaceOrientationLandscapeRight";
				LD_RUNPATH_SEARCH_PATHS = (
					"$(inherited)",
					"@executable_path/Frameworks",
				);
				MARKETING_VERSION = 1.0;
				PRODUCT_BUNDLE_IDENTIFIER = com.dany.AutoVitesse;
				PRODUCT_NAME = "$(TARGET_NAME)";
				SWIFT_EMIT_LOC_STRINGS = YES;
				SWIFT_VERSION = 5.0;
				TARGETED_DEVICE_FAMILY = "1,2";
			};
			name = Release;
		};
/* End XCBuildConfiguration section */

/* Begin XCConfigurationList section */
		22E26A522A0D11E300B21FD8 /* Build configuration list for PBXProject "AutoVitesse" */ = {
			isa = XCConfigurationList;
			buildConfigurations = (
				22E26A632A0D11E400B21FD8 /* Debug */,
				22E26A642A0D11E400B21FD8 /* Release */,
			);
			defaultConfigurationIsVisible = 0;
			defaultConfigurationName = Release;
		};
		22E26A652A0D11E400B21FD8 /* Build configuration list for PBXNativeTarget "AutoVitesse" */ = {
			isa = XCConfigurationList;
			buildConfigurations = (
				22E26A662A0D11E400B21FD8 /* Debug */,
				22E26A672A0D11E400B21FD8 /* Release */,
			);
			defaultConfigurationIsVisible = 0;
			defaultConfigurationName = Release;
		};
/* End XCConfigurationList section */

/* Begin XCRemoteSwiftPackageReference section */
		2274162F2A2F283C00E0AA78 /* XCRemoteSwiftPackageReference "facebook-ios-sdk" */ = {
			isa = XCRemoteSwiftPackageReference;
			repositoryURL = "https://github.com/facebook/facebook-ios-sdk";
			requirement = {
				kind = upToNextMajorVersion;
				minimumVersion = 14.0.0;
			};
		};
		2276E05E2A5556CB0040C0E5 /* XCRemoteSwiftPackageReference "SwiftyDropbox" */ = {
			isa = XCRemoteSwiftPackageReference;
			repositoryURL = "https://github.com/dropbox/SwiftyDropbox.git";
			requirement = {
				kind = upToNextMajorVersion;
				minimumVersion = 9.0.0;
			};
		};
		2276E0932A5C232E0040C0E5 /* XCRemoteSwiftPackageReference "CheckBoxWithActionPackage" */ = {
			isa = XCRemoteSwiftPackageReference;
			repositoryURL = "https://github.com/danaildimitrov2003/CheckBoxWithActionPackage";
			requirement = {
				branch = main;
				kind = branch;
			};
		};
		22A45B7F2A456BA5007410C0 /* XCRemoteSwiftPackageReference "pdftron-apple-package" */ = {
			isa = XCRemoteSwiftPackageReference;
			repositoryURL = "https://github.com/PDFTron/pdftron-apple-package";
			requirement = {
				kind = upToNextMajorVersion;
				minimumVersion = 10.0.0;
			};
		};
		22E26A682A0D147D00B21FD8 /* XCRemoteSwiftPackageReference "realm-swift" */ = {
			isa = XCRemoteSwiftPackageReference;
			repositoryURL = "https://github.com/realm/realm-swift";
			requirement = {
				branch = master;
				kind = branch;
			};
		};
/* End XCRemoteSwiftPackageReference section */

/* Begin XCSwiftPackageProductDependency section */
		227416302A2F283C00E0AA78 /* FacebookLogin */ = {
			isa = XCSwiftPackageProductDependency;
			package = 2274162F2A2F283C00E0AA78 /* XCRemoteSwiftPackageReference "facebook-ios-sdk" */;
			productName = FacebookLogin;
		};
		2276E05F2A5556CB0040C0E5 /* SwiftyDropbox */ = {
			isa = XCSwiftPackageProductDependency;
			package = 2276E05E2A5556CB0040C0E5 /* XCRemoteSwiftPackageReference "SwiftyDropbox" */;
			productName = SwiftyDropbox;
		};
		2276E0942A5C232E0040C0E5 /* CheckBoxPackage */ = {
			isa = XCSwiftPackageProductDependency;
			package = 2276E0932A5C232E0040C0E5 /* XCRemoteSwiftPackageReference "CheckBoxWithActionPackage" */;
			productName = CheckBoxPackage;
		};
		22A45B802A456BA5007410C0 /* PDFTron */ = {
			isa = XCSwiftPackageProductDependency;
			package = 22A45B7F2A456BA5007410C0 /* XCRemoteSwiftPackageReference "pdftron-apple-package" */;
			productName = PDFTron;
		};
		22E26A692A0D147D00B21FD8 /* Realm */ = {
			isa = XCSwiftPackageProductDependency;
			package = 22E26A682A0D147D00B21FD8 /* XCRemoteSwiftPackageReference "realm-swift" */;
			productName = Realm;
		};
		22E26A6B2A0D147D00B21FD8 /* RealmSwift */ = {
			isa = XCSwiftPackageProductDependency;
			package = 22E26A682A0D147D00B21FD8 /* XCRemoteSwiftPackageReference "realm-swift" */;
			productName = RealmSwift;
		};
/* End XCSwiftPackageProductDependency section */
	};
	rootObject = 22E26A4F2A0D11E300B21FD8 /* Project object */;
}
