// !$*UTF8*$!
{
	archiveVersion = 1;
	classes = {
	};
	objectVersion = 56;
	objects = {

/* Begin PBXBuildFile section */
		224AD06E2A3067690035FF47 /* FacebookButton.swift in Sources */ = {isa = PBXBuildFile; fileRef = 224AD06D2A3067690035FF47 /* FacebookButton.swift */; };
		224AD0702A306B960035FF47 /* FacebookButtonExtension.swift in Sources */ = {isa = PBXBuildFile; fileRef = 224AD06F2A306B960035FF47 /* FacebookButtonExtension.swift */; };
		2274161B2A20CB3200E0AA78 /* UserImagesListExtension.swift in Sources */ = {isa = PBXBuildFile; fileRef = 2274161A2A20CB3200E0AA78 /* UserImagesListExtension.swift */; };
		2274161D2A25D03400E0AA78 /* RealmExtension.swift in Sources */ = {isa = PBXBuildFile; fileRef = 2274161C2A25D03400E0AA78 /* RealmExtension.swift */; };
		2274161F2A25EE7E00E0AA78 /* MenuContentExtension.swift in Sources */ = {isa = PBXBuildFile; fileRef = 2274161E2A25EE7E00E0AA78 /* MenuContentExtension.swift */; };
		227416212A273F8200E0AA78 /* UiImageExtension.swift in Sources */ = {isa = PBXBuildFile; fileRef = 227416202A273F8200E0AA78 /* UiImageExtension.swift */; };
		2274162E2A2E14CA00E0AA78 /* Enviroment.swift in Sources */ = {isa = PBXBuildFile; fileRef = 2274162D2A2E14CA00E0AA78 /* Enviroment.swift */; };
		227416312A2F283C00E0AA78 /* FacebookLogin in Frameworks */ = {isa = PBXBuildFile; productRef = 227416302A2F283C00E0AA78 /* FacebookLogin */; };
		227416352A305E6A00E0AA78 /* FacebookSignUpView.swift in Sources */ = {isa = PBXBuildFile; fileRef = 227416342A305E6A00E0AA78 /* FacebookSignUpView.swift */; };
		227416372A3060EC00E0AA78 /* FacebookSignUpExtension.swift in Sources */ = {isa = PBXBuildFile; fileRef = 227416362A3060EC00E0AA78 /* FacebookSignUpExtension.swift */; };
		22C02CC22A0E71B9004FB233 /* SignInForm.swift in Sources */ = {isa = PBXBuildFile; fileRef = 22C02CC12A0E71B9004FB233 /* SignInForm.swift */; };
		22C02CC42A0E737B004FB233 /* SignUpExtension.swift in Sources */ = {isa = PBXBuildFile; fileRef = 22C02CC32A0E737B004FB233 /* SignUpExtension.swift */; };
		22CE49CC2A31E8DA0017E033 /* CarsForSale.swift in Sources */ = {isa = PBXBuildFile; fileRef = 22CE49CB2A31E8DA0017E033 /* CarsForSale.swift */; };
		22CE49CE2A31F5730017E033 /* FilterView.swift in Sources */ = {isa = PBXBuildFile; fileRef = 22CE49CD2A31F5730017E033 /* FilterView.swift */; };
		22CE49D02A31F73E0017E033 /* RangePicker.swift in Sources */ = {isa = PBXBuildFile; fileRef = 22CE49CF2A31F73D0017E033 /* RangePicker.swift */; };
		22CE49D22A31FE290017E033 /* RangeFields.swift in Sources */ = {isa = PBXBuildFile; fileRef = 22CE49D12A31FE290017E033 /* RangeFields.swift */; };
		22CE49D42A3315400017E033 /* LogOutView.swift in Sources */ = {isa = PBXBuildFile; fileRef = 22CE49D32A3315400017E033 /* LogOutView.swift */; };
		22CE49D62A3315F00017E033 /* AccentColorButtonText.swift in Sources */ = {isa = PBXBuildFile; fileRef = 22CE49D52A3315F00017E033 /* AccentColorButtonText.swift */; };
		22CE49D82A3330DE0017E033 /* SearchBarCarsForSale.swift in Sources */ = {isa = PBXBuildFile; fileRef = 22CE49D72A3330DE0017E033 /* SearchBarCarsForSale.swift */; };
		22CE49DA2A33335D0017E033 /* SortView.swift in Sources */ = {isa = PBXBuildFile; fileRef = 22CE49D92A33335D0017E033 /* SortView.swift */; };
		22CE49DC2A3338CD0017E033 /* SortOrderButton.swift in Sources */ = {isa = PBXBuildFile; fileRef = 22CE49DB2A3338CD0017E033 /* SortOrderButton.swift */; };
		22E26A5B2A0D11E300B21FD8 /* AutoVitesseApp.swift in Sources */ = {isa = PBXBuildFile; fileRef = 22E26A5A2A0D11E300B21FD8 /* AutoVitesseApp.swift */; };
		22E26A5D2A0D11E300B21FD8 /* ContentView.swift in Sources */ = {isa = PBXBuildFile; fileRef = 22E26A5C2A0D11E300B21FD8 /* ContentView.swift */; };
		22E26A5F2A0D11E400B21FD8 /* Assets.xcassets in Resources */ = {isa = PBXBuildFile; fileRef = 22E26A5E2A0D11E400B21FD8 /* Assets.xcassets */; };
		22E26A622A0D11E400B21FD8 /* Preview Assets.xcassets in Resources */ = {isa = PBXBuildFile; fileRef = 22E26A612A0D11E400B21FD8 /* Preview Assets.xcassets */; };
		22E26A6A2A0D147D00B21FD8 /* Realm in Frameworks */ = {isa = PBXBuildFile; productRef = 22E26A692A0D147D00B21FD8 /* Realm */; };
		22E26A6C2A0D147D00B21FD8 /* RealmSwift in Frameworks */ = {isa = PBXBuildFile; productRef = 22E26A6B2A0D147D00B21FD8 /* RealmSwift */; };
		22E26A712A0D1D4D00B21FD8 /* User.swift in Sources */ = {isa = PBXBuildFile; fileRef = 22E26A702A0D1D4D00B21FD8 /* User.swift */; };
		22E26A732A0D234800B21FD8 /* Car.swift in Sources */ = {isa = PBXBuildFile; fileRef = 22E26A722A0D234800B21FD8 /* Car.swift */; };
		22E26A752A0D27CC00B21FD8 /* SignUpForm.swift in Sources */ = {isa = PBXBuildFile; fileRef = 22E26A742A0D27CC00B21FD8 /* SignUpForm.swift */; };
		22E26A772A0D2E1200B21FD8 /* Countries.swift in Sources */ = {isa = PBXBuildFile; fileRef = 22E26A762A0D2E1200B21FD8 /* Countries.swift */; };
		22E5D94C2A12406E0088B869 /* SignInExtension.swift in Sources */ = {isa = PBXBuildFile; fileRef = 22E5D94B2A12406E0088B869 /* SignInExtension.swift */; };
		22E5D94F2A1247560088B869 /* TextFieldExtension.swift in Sources */ = {isa = PBXBuildFile; fileRef = 22E5D94E2A1247560088B869 /* TextFieldExtension.swift */; };
		22E5D9512A1385BC0088B869 /* HomeView.swift in Sources */ = {isa = PBXBuildFile; fileRef = 22E5D9502A1385BC0088B869 /* HomeView.swift */; };
		22E5D9532A1386010088B869 /* ProfileView.swift in Sources */ = {isa = PBXBuildFile; fileRef = 22E5D9522A1386010088B869 /* ProfileView.swift */; };
		22E5D9552A139AD00088B869 /* Navbar.swift in Sources */ = {isa = PBXBuildFile; fileRef = 22E5D9542A139AD00088B869 /* Navbar.swift */; };
		22E5D9572A139BC20088B869 /* LogOutButton.swift in Sources */ = {isa = PBXBuildFile; fileRef = 22E5D9562A139BC20088B869 /* LogOutButton.swift */; };
		22E5D9592A139EF50088B869 /* LogOutButtonExtension.swift in Sources */ = {isa = PBXBuildFile; fileRef = 22E5D9582A139EF50088B869 /* LogOutButtonExtension.swift */; };
		22E5D95D2A13AAB10088B869 /* SideMenuButton.swift in Sources */ = {isa = PBXBuildFile; fileRef = 22E5D95C2A13AAB10088B869 /* SideMenuButton.swift */; };
		22E5D95F2A13B41D0088B869 /* FavouritesView.swift in Sources */ = {isa = PBXBuildFile; fileRef = 22E5D95E2A13B41D0088B869 /* FavouritesView.swift */; };
		22E5D9612A14AE6A0088B869 /* EditForm.swift in Sources */ = {isa = PBXBuildFile; fileRef = 22E5D9602A14AE6A0088B869 /* EditForm.swift */; };
		22E5D9632A14BEBE0088B869 /* EditFormExtension.swift in Sources */ = {isa = PBXBuildFile; fileRef = 22E5D9622A14BEBE0088B869 /* EditFormExtension.swift */; };
		22E5D9652A14C2060088B869 /* ProfileViewExtension.swift in Sources */ = {isa = PBXBuildFile; fileRef = 22E5D9642A14C2060088B869 /* ProfileViewExtension.swift */; };
		22E5D9672A14CBB40088B869 /* PasswordTextField.swift in Sources */ = {isa = PBXBuildFile; fileRef = 22E5D9662A14CBB40088B869 /* PasswordTextField.swift */; };
		22E5D9692A14CF1C0088B869 /* SideMenu.swift in Sources */ = {isa = PBXBuildFile; fileRef = 22E5D9682A14CF1C0088B869 /* SideMenu.swift */; };
		22E5D96B2A14E2F80088B869 /* NavbarContainerView.swift in Sources */ = {isa = PBXBuildFile; fileRef = 22E5D96A2A14E2F80088B869 /* NavbarContainerView.swift */; };
		22E5D96D2A14E6590088B869 /* NavbarContainerViewExtension.swift in Sources */ = {isa = PBXBuildFile; fileRef = 22E5D96C2A14E6590088B869 /* NavbarContainerViewExtension.swift */; };
		22E5D9702A1622ED0088B869 /* Utils.swift in Sources */ = {isa = PBXBuildFile; fileRef = 22E5D96F2A1622ED0088B869 /* Utils.swift */; };
		22E5D9722A163CE10088B869 /* PasswordTextFieldExtension.swift in Sources */ = {isa = PBXBuildFile; fileRef = 22E5D9712A163CE10088B869 /* PasswordTextFieldExtension.swift */; };
		22E5D9742A1646870088B869 /* ConfirmPasswordTextField.swift in Sources */ = {isa = PBXBuildFile; fileRef = 22E5D9732A1646870088B869 /* ConfirmPasswordTextField.swift */; };
		22E5D9762A1647B10088B869 /* ConfirmPasswordTextFieldExtension.swift in Sources */ = {isa = PBXBuildFile; fileRef = 22E5D9752A1647B10088B869 /* ConfirmPasswordTextFieldExtension.swift */; };
		22E5D9782A164B8C0088B869 /* EmailTextField.swift in Sources */ = {isa = PBXBuildFile; fileRef = 22E5D9772A164B8C0088B869 /* EmailTextField.swift */; };
		22E5D97A2A164C800088B869 /* EmailTextFieldExtension.swift in Sources */ = {isa = PBXBuildFile; fileRef = 22E5D9792A164C800088B869 /* EmailTextFieldExtension.swift */; };
		22E5D97C2A1658200088B869 /* UsernameTextField.swift in Sources */ = {isa = PBXBuildFile; fileRef = 22E5D97B2A1658200088B869 /* UsernameTextField.swift */; };
		22E5D97E2A1658BC0088B869 /* UsernameTextFieldExtension.swift in Sources */ = {isa = PBXBuildFile; fileRef = 22E5D97D2A1658BC0088B869 /* UsernameTextFieldExtension.swift */; };
		22E5D9842A1795DC0088B869 /* CarsView.swift in Sources */ = {isa = PBXBuildFile; fileRef = 22E5D9832A1795DC0088B869 /* CarsView.swift */; };
		22E5D9862A17962D0088B869 /* PhotosView.swift in Sources */ = {isa = PBXBuildFile; fileRef = 22E5D9852A17962D0088B869 /* PhotosView.swift */; };
		22E5D9882A1B68BC0088B869 /* SearchBarTextField.swift in Sources */ = {isa = PBXBuildFile; fileRef = 22E5D9872A1B68BC0088B869 /* SearchBarTextField.swift */; };
		22E5D98A2A1B6E840088B869 /* SearchBarTextFieldExtension.swift in Sources */ = {isa = PBXBuildFile; fileRef = 22E5D9892A1B6E840088B869 /* SearchBarTextFieldExtension.swift */; };
		22E5D98C2A1B8DA40088B869 /* CarComponent.swift in Sources */ = {isa = PBXBuildFile; fileRef = 22E5D98B2A1B8DA40088B869 /* CarComponent.swift */; };
		22E5D98E2A1B95B80088B869 /* CarsList.swift in Sources */ = {isa = PBXBuildFile; fileRef = 22E5D98D2A1B95B80088B869 /* CarsList.swift */; };
		22E5D9902A1B976F0088B869 /* CarsViewExtension.swift in Sources */ = {isa = PBXBuildFile; fileRef = 22E5D98F2A1B976F0088B869 /* CarsViewExtension.swift */; };
		22E5D9922A1B98430088B869 /* ResultsExtension.swift in Sources */ = {isa = PBXBuildFile; fileRef = 22E5D9912A1B98430088B869 /* ResultsExtension.swift */; };
		22E5D9962A1CB4510088B869 /* FavouriteCars.swift in Sources */ = {isa = PBXBuildFile; fileRef = 22E5D9952A1CB4510088B869 /* FavouriteCars.swift */; };
		22E5D9982A1CBBE40088B869 /* CarComponentExtension.swift in Sources */ = {isa = PBXBuildFile; fileRef = 22E5D9972A1CBBE40088B869 /* CarComponentExtension.swift */; };
		22E5D99C2A1CD2240088B869 /* FavouritesViewExtension.swift in Sources */ = {isa = PBXBuildFile; fileRef = 22E5D99B2A1CD2240088B869 /* FavouritesViewExtension.swift */; };
		22FACA982A209A4000EBF5D2 /* ImagePicker.swift in Sources */ = {isa = PBXBuildFile; fileRef = 22FACA972A209A4000EBF5D2 /* ImagePicker.swift */; };
		22FACA9A2A20B36E00EBF5D2 /* PhotosViewExtension.swift in Sources */ = {isa = PBXBuildFile; fileRef = 22FACA992A20B36E00EBF5D2 /* PhotosViewExtension.swift */; };
		22FACA9C2A20B7E300EBF5D2 /* UserImage.swift in Sources */ = {isa = PBXBuildFile; fileRef = 22FACA9B2A20B7E300EBF5D2 /* UserImage.swift */; };
		22FACA9E2A20BE4600EBF5D2 /* UserImageComponent.swift in Sources */ = {isa = PBXBuildFile; fileRef = 22FACA9D2A20BE4600EBF5D2 /* UserImageComponent.swift */; };
		22FACAA02A20BF7500EBF5D2 /* UserImagesList.swift in Sources */ = {isa = PBXBuildFile; fileRef = 22FACA9F2A20BF7500EBF5D2 /* UserImagesList.swift */; };
/* End PBXBuildFile section */

/* Begin PBXFileReference section */
		224AD06D2A3067690035FF47 /* FacebookButton.swift */ = {isa = PBXFileReference; lastKnownFileType = sourcecode.swift; path = FacebookButton.swift; sourceTree = "<group>"; };
		224AD06F2A306B960035FF47 /* FacebookButtonExtension.swift */ = {isa = PBXFileReference; lastKnownFileType = sourcecode.swift; path = FacebookButtonExtension.swift; sourceTree = "<group>"; };
		2274161A2A20CB3200E0AA78 /* UserImagesListExtension.swift */ = {isa = PBXFileReference; lastKnownFileType = sourcecode.swift; path = UserImagesListExtension.swift; sourceTree = "<group>"; };
		2274161C2A25D03400E0AA78 /* RealmExtension.swift */ = {isa = PBXFileReference; lastKnownFileType = sourcecode.swift; path = RealmExtension.swift; sourceTree = "<group>"; };
		2274161E2A25EE7E00E0AA78 /* MenuContentExtension.swift */ = {isa = PBXFileReference; lastKnownFileType = sourcecode.swift; path = MenuContentExtension.swift; sourceTree = "<group>"; };
		227416202A273F8200E0AA78 /* UiImageExtension.swift */ = {isa = PBXFileReference; lastKnownFileType = sourcecode.swift; path = UiImageExtension.swift; sourceTree = "<group>"; };
		2274162D2A2E14CA00E0AA78 /* Enviroment.swift */ = {isa = PBXFileReference; fileEncoding = 4; lastKnownFileType = sourcecode.swift; path = Enviroment.swift; sourceTree = "<group>"; };
		227416322A2F312200E0AA78 /* AutoVitesse.entitlements */ = {isa = PBXFileReference; lastKnownFileType = text.plist.entitlements; path = AutoVitesse.entitlements; sourceTree = "<group>"; };
		227416332A2F52B900E0AA78 /* Info.plist */ = {isa = PBXFileReference; lastKnownFileType = text.plist.xml; path = Info.plist; sourceTree = "<group>"; };
		227416342A305E6A00E0AA78 /* FacebookSignUpView.swift */ = {isa = PBXFileReference; lastKnownFileType = sourcecode.swift; path = FacebookSignUpView.swift; sourceTree = "<group>"; };
		227416362A3060EC00E0AA78 /* FacebookSignUpExtension.swift */ = {isa = PBXFileReference; lastKnownFileType = sourcecode.swift; path = FacebookSignUpExtension.swift; sourceTree = "<group>"; };
		22C02CC12A0E71B9004FB233 /* SignInForm.swift */ = {isa = PBXFileReference; lastKnownFileType = sourcecode.swift; path = SignInForm.swift; sourceTree = "<group>"; };
		22C02CC32A0E737B004FB233 /* SignUpExtension.swift */ = {isa = PBXFileReference; lastKnownFileType = sourcecode.swift; path = SignUpExtension.swift; sourceTree = "<group>"; };
		22CE49CB2A31E8DA0017E033 /* CarsForSale.swift */ = {isa = PBXFileReference; lastKnownFileType = sourcecode.swift; path = CarsForSale.swift; sourceTree = "<group>"; };
		22CE49CD2A31F5730017E033 /* FilterView.swift */ = {isa = PBXFileReference; lastKnownFileType = sourcecode.swift; path = FilterView.swift; sourceTree = "<group>"; };
		22CE49CF2A31F73D0017E033 /* RangePicker.swift */ = {isa = PBXFileReference; lastKnownFileType = sourcecode.swift; path = RangePicker.swift; sourceTree = "<group>"; };
		22CE49D12A31FE290017E033 /* RangeFields.swift */ = {isa = PBXFileReference; lastKnownFileType = sourcecode.swift; path = RangeFields.swift; sourceTree = "<group>"; };
		22CE49D32A3315400017E033 /* LogOutView.swift */ = {isa = PBXFileReference; lastKnownFileType = sourcecode.swift; path = LogOutView.swift; sourceTree = "<group>"; };
		22CE49D52A3315F00017E033 /* AccentColorButtonText.swift */ = {isa = PBXFileReference; lastKnownFileType = sourcecode.swift; path = AccentColorButtonText.swift; sourceTree = "<group>"; };
		22CE49D72A3330DE0017E033 /* SearchBarCarsForSale.swift */ = {isa = PBXFileReference; lastKnownFileType = sourcecode.swift; path = SearchBarCarsForSale.swift; sourceTree = "<group>"; };
		22CE49D92A33335D0017E033 /* SortView.swift */ = {isa = PBXFileReference; lastKnownFileType = sourcecode.swift; path = SortView.swift; sourceTree = "<group>"; };
		22CE49DB2A3338CD0017E033 /* SortOrderButton.swift */ = {isa = PBXFileReference; lastKnownFileType = sourcecode.swift; path = SortOrderButton.swift; sourceTree = "<group>"; };
		22E26A572A0D11E300B21FD8 /* AutoVitesse.app */ = {isa = PBXFileReference; explicitFileType = wrapper.application; includeInIndex = 0; path = AutoVitesse.app; sourceTree = BUILT_PRODUCTS_DIR; };
		22E26A5A2A0D11E300B21FD8 /* AutoVitesseApp.swift */ = {isa = PBXFileReference; lastKnownFileType = sourcecode.swift; path = AutoVitesseApp.swift; sourceTree = "<group>"; };
		22E26A5C2A0D11E300B21FD8 /* ContentView.swift */ = {isa = PBXFileReference; lastKnownFileType = sourcecode.swift; path = ContentView.swift; sourceTree = "<group>"; };
		22E26A5E2A0D11E400B21FD8 /* Assets.xcassets */ = {isa = PBXFileReference; lastKnownFileType = folder.assetcatalog; path = Assets.xcassets; sourceTree = "<group>"; };
		22E26A612A0D11E400B21FD8 /* Preview Assets.xcassets */ = {isa = PBXFileReference; lastKnownFileType = folder.assetcatalog; path = "Preview Assets.xcassets"; sourceTree = "<group>"; };
		22E26A702A0D1D4D00B21FD8 /* User.swift */ = {isa = PBXFileReference; lastKnownFileType = sourcecode.swift; path = User.swift; sourceTree = "<group>"; };
		22E26A722A0D234800B21FD8 /* Car.swift */ = {isa = PBXFileReference; lastKnownFileType = sourcecode.swift; path = Car.swift; sourceTree = "<group>"; };
		22E26A742A0D27CC00B21FD8 /* SignUpForm.swift */ = {isa = PBXFileReference; lastKnownFileType = sourcecode.swift; path = SignUpForm.swift; sourceTree = "<group>"; };
		22E26A762A0D2E1200B21FD8 /* Countries.swift */ = {isa = PBXFileReference; lastKnownFileType = sourcecode.swift; path = Countries.swift; sourceTree = "<group>"; };
		22E5D94B2A12406E0088B869 /* SignInExtension.swift */ = {isa = PBXFileReference; lastKnownFileType = sourcecode.swift; path = SignInExtension.swift; sourceTree = "<group>"; };
		22E5D94E2A1247560088B869 /* TextFieldExtension.swift */ = {isa = PBXFileReference; lastKnownFileType = sourcecode.swift; path = TextFieldExtension.swift; sourceTree = "<group>"; };
		22E5D9502A1385BC0088B869 /* HomeView.swift */ = {isa = PBXFileReference; lastKnownFileType = sourcecode.swift; path = HomeView.swift; sourceTree = "<group>"; };
		22E5D9522A1386010088B869 /* ProfileView.swift */ = {isa = PBXFileReference; lastKnownFileType = sourcecode.swift; path = ProfileView.swift; sourceTree = "<group>"; };
		22E5D9542A139AD00088B869 /* Navbar.swift */ = {isa = PBXFileReference; lastKnownFileType = sourcecode.swift; path = Navbar.swift; sourceTree = "<group>"; };
		22E5D9562A139BC20088B869 /* LogOutButton.swift */ = {isa = PBXFileReference; lastKnownFileType = sourcecode.swift; path = LogOutButton.swift; sourceTree = "<group>"; };
		22E5D9582A139EF50088B869 /* LogOutButtonExtension.swift */ = {isa = PBXFileReference; lastKnownFileType = sourcecode.swift; path = LogOutButtonExtension.swift; sourceTree = "<group>"; };
		22E5D95C2A13AAB10088B869 /* SideMenuButton.swift */ = {isa = PBXFileReference; lastKnownFileType = sourcecode.swift; path = SideMenuButton.swift; sourceTree = "<group>"; };
		22E5D95E2A13B41D0088B869 /* FavouritesView.swift */ = {isa = PBXFileReference; lastKnownFileType = sourcecode.swift; path = FavouritesView.swift; sourceTree = "<group>"; };
		22E5D9602A14AE6A0088B869 /* EditForm.swift */ = {isa = PBXFileReference; lastKnownFileType = sourcecode.swift; path = EditForm.swift; sourceTree = "<group>"; };
		22E5D9622A14BEBE0088B869 /* EditFormExtension.swift */ = {isa = PBXFileReference; lastKnownFileType = sourcecode.swift; path = EditFormExtension.swift; sourceTree = "<group>"; };
		22E5D9642A14C2060088B869 /* ProfileViewExtension.swift */ = {isa = PBXFileReference; lastKnownFileType = sourcecode.swift; path = ProfileViewExtension.swift; sourceTree = "<group>"; };
		22E5D9662A14CBB40088B869 /* PasswordTextField.swift */ = {isa = PBXFileReference; lastKnownFileType = sourcecode.swift; path = PasswordTextField.swift; sourceTree = "<group>"; };
		22E5D9682A14CF1C0088B869 /* SideMenu.swift */ = {isa = PBXFileReference; lastKnownFileType = sourcecode.swift; path = SideMenu.swift; sourceTree = "<group>"; };
		22E5D96A2A14E2F80088B869 /* NavbarContainerView.swift */ = {isa = PBXFileReference; lastKnownFileType = sourcecode.swift; path = NavbarContainerView.swift; sourceTree = "<group>"; };
		22E5D96C2A14E6590088B869 /* NavbarContainerViewExtension.swift */ = {isa = PBXFileReference; lastKnownFileType = sourcecode.swift; path = NavbarContainerViewExtension.swift; sourceTree = "<group>"; };
		22E5D96F2A1622ED0088B869 /* Utils.swift */ = {isa = PBXFileReference; lastKnownFileType = sourcecode.swift; path = Utils.swift; sourceTree = "<group>"; };
		22E5D9712A163CE10088B869 /* PasswordTextFieldExtension.swift */ = {isa = PBXFileReference; lastKnownFileType = sourcecode.swift; path = PasswordTextFieldExtension.swift; sourceTree = "<group>"; };
		22E5D9732A1646870088B869 /* ConfirmPasswordTextField.swift */ = {isa = PBXFileReference; lastKnownFileType = sourcecode.swift; path = ConfirmPasswordTextField.swift; sourceTree = "<group>"; };
		22E5D9752A1647B10088B869 /* ConfirmPasswordTextFieldExtension.swift */ = {isa = PBXFileReference; lastKnownFileType = sourcecode.swift; path = ConfirmPasswordTextFieldExtension.swift; sourceTree = "<group>"; };
		22E5D9772A164B8C0088B869 /* EmailTextField.swift */ = {isa = PBXFileReference; lastKnownFileType = sourcecode.swift; path = EmailTextField.swift; sourceTree = "<group>"; };
		22E5D9792A164C800088B869 /* EmailTextFieldExtension.swift */ = {isa = PBXFileReference; lastKnownFileType = sourcecode.swift; path = EmailTextFieldExtension.swift; sourceTree = "<group>"; };
		22E5D97B2A1658200088B869 /* UsernameTextField.swift */ = {isa = PBXFileReference; lastKnownFileType = sourcecode.swift; path = UsernameTextField.swift; sourceTree = "<group>"; };
		22E5D97D2A1658BC0088B869 /* UsernameTextFieldExtension.swift */ = {isa = PBXFileReference; lastKnownFileType = sourcecode.swift; path = UsernameTextFieldExtension.swift; sourceTree = "<group>"; };
		22E5D9832A1795DC0088B869 /* CarsView.swift */ = {isa = PBXFileReference; lastKnownFileType = sourcecode.swift; path = CarsView.swift; sourceTree = "<group>"; };
		22E5D9852A17962D0088B869 /* PhotosView.swift */ = {isa = PBXFileReference; lastKnownFileType = sourcecode.swift; path = PhotosView.swift; sourceTree = "<group>"; };
		22E5D9872A1B68BC0088B869 /* SearchBarTextField.swift */ = {isa = PBXFileReference; lastKnownFileType = sourcecode.swift; path = SearchBarTextField.swift; sourceTree = "<group>"; };
		22E5D9892A1B6E840088B869 /* SearchBarTextFieldExtension.swift */ = {isa = PBXFileReference; lastKnownFileType = sourcecode.swift; path = SearchBarTextFieldExtension.swift; sourceTree = "<group>"; };
		22E5D98B2A1B8DA40088B869 /* CarComponent.swift */ = {isa = PBXFileReference; lastKnownFileType = sourcecode.swift; path = CarComponent.swift; sourceTree = "<group>"; };
		22E5D98D2A1B95B80088B869 /* CarsList.swift */ = {isa = PBXFileReference; lastKnownFileType = sourcecode.swift; path = CarsList.swift; sourceTree = "<group>"; };
		22E5D98F2A1B976F0088B869 /* CarsViewExtension.swift */ = {isa = PBXFileReference; lastKnownFileType = sourcecode.swift; path = CarsViewExtension.swift; sourceTree = "<group>"; };
		22E5D9912A1B98430088B869 /* ResultsExtension.swift */ = {isa = PBXFileReference; lastKnownFileType = sourcecode.swift; path = ResultsExtension.swift; sourceTree = "<group>"; };
		22E5D9952A1CB4510088B869 /* FavouriteCars.swift */ = {isa = PBXFileReference; lastKnownFileType = sourcecode.swift; path = FavouriteCars.swift; sourceTree = "<group>"; };
		22E5D9972A1CBBE40088B869 /* CarComponentExtension.swift */ = {isa = PBXFileReference; lastKnownFileType = sourcecode.swift; path = CarComponentExtension.swift; sourceTree = "<group>"; };
		22E5D99B2A1CD2240088B869 /* FavouritesViewExtension.swift */ = {isa = PBXFileReference; lastKnownFileType = sourcecode.swift; path = FavouritesViewExtension.swift; sourceTree = "<group>"; };
		22FACA972A209A4000EBF5D2 /* ImagePicker.swift */ = {isa = PBXFileReference; lastKnownFileType = sourcecode.swift; path = ImagePicker.swift; sourceTree = "<group>"; };
		22FACA992A20B36E00EBF5D2 /* PhotosViewExtension.swift */ = {isa = PBXFileReference; lastKnownFileType = sourcecode.swift; path = PhotosViewExtension.swift; sourceTree = "<group>"; };
		22FACA9B2A20B7E300EBF5D2 /* UserImage.swift */ = {isa = PBXFileReference; lastKnownFileType = sourcecode.swift; path = UserImage.swift; sourceTree = "<group>"; };
		22FACA9D2A20BE4600EBF5D2 /* UserImageComponent.swift */ = {isa = PBXFileReference; lastKnownFileType = sourcecode.swift; path = UserImageComponent.swift; sourceTree = "<group>"; };
		22FACA9F2A20BF7500EBF5D2 /* UserImagesList.swift */ = {isa = PBXFileReference; lastKnownFileType = sourcecode.swift; path = UserImagesList.swift; sourceTree = "<group>"; };
/* End PBXFileReference section */

/* Begin PBXFrameworksBuildPhase section */
		22E26A542A0D11E300B21FD8 /* Frameworks */ = {
			isa = PBXFrameworksBuildPhase;
			buildActionMask = 2147483647;
			files = (
				22E26A6C2A0D147D00B21FD8 /* RealmSwift in Frameworks */,
				22E26A6A2A0D147D00B21FD8 /* Realm in Frameworks */,
				227416312A2F283C00E0AA78 /* FacebookLogin in Frameworks */,
			);
			runOnlyForDeploymentPostprocessing = 0;
		};
/* End PBXFrameworksBuildPhase section */

/* Begin PBXGroup section */
		22E26A4E2A0D11E300B21FD8 = {
			isa = PBXGroup;
			children = (
				22E26A592A0D11E300B21FD8 /* AutoVitesse */,
				22E26A582A0D11E300B21FD8 /* Products */,
			);
			sourceTree = "<group>";
		};
		22E26A582A0D11E300B21FD8 /* Products */ = {
			isa = PBXGroup;
			children = (
				22E26A572A0D11E300B21FD8 /* AutoVitesse.app */,
			);
			name = Products;
			sourceTree = "<group>";
		};
		22E26A592A0D11E300B21FD8 /* AutoVitesse */ = {
			isa = PBXGroup;
			children = (
				227416332A2F52B900E0AA78 /* Info.plist */,
				227416322A2F312200E0AA78 /* AutoVitesse.entitlements */,
				2274162D2A2E14CA00E0AA78 /* Enviroment.swift */,
				22E5D94D2A12473F0088B869 /* Extensions */,
				22E26A6F2A0D170D00B21FD8 /* Controller */,
				22E26A6E2A0D170200B21FD8 /* View */,
				22E26A6D2A0D16F900B21FD8 /* Model */,
				22E26A5A2A0D11E300B21FD8 /* AutoVitesseApp.swift */,
				22E26A5E2A0D11E400B21FD8 /* Assets.xcassets */,
				22E26A602A0D11E400B21FD8 /* Preview Content */,
			);
			path = AutoVitesse;
			sourceTree = "<group>";
		};
		22E26A602A0D11E400B21FD8 /* Preview Content */ = {
			isa = PBXGroup;
			children = (
				22E26A612A0D11E400B21FD8 /* Preview Assets.xcassets */,
			);
			path = "Preview Content";
			sourceTree = "<group>";
		};
		22E26A6D2A0D16F900B21FD8 /* Model */ = {
			isa = PBXGroup;
			children = (
				22E26A702A0D1D4D00B21FD8 /* User.swift */,
				22E26A722A0D234800B21FD8 /* Car.swift */,
				22E26A762A0D2E1200B21FD8 /* Countries.swift */,
				22E5D9952A1CB4510088B869 /* FavouriteCars.swift */,
				22FACA9B2A20B7E300EBF5D2 /* UserImage.swift */,
			);
			path = Model;
			sourceTree = "<group>";
		};
		22E26A6E2A0D170200B21FD8 /* View */ = {
			isa = PBXGroup;
			children = (
				22E5D97F2A165AD80088B869 /* TextFields */,
				22E5D96E2A1622A40088B869 /* Navbar */,
				22E26A5C2A0D11E300B21FD8 /* ContentView.swift */,
				22E26A742A0D27CC00B21FD8 /* SignUpForm.swift */,
				22C02CC12A0E71B9004FB233 /* SignInForm.swift */,
				22E5D9502A1385BC0088B869 /* HomeView.swift */,
				22E5D9522A1386010088B869 /* ProfileView.swift */,
				22E5D95E2A13B41D0088B869 /* FavouritesView.swift */,
				22E5D9602A14AE6A0088B869 /* EditForm.swift */,
				22E5D9682A14CF1C0088B869 /* SideMenu.swift */,
				22E5D9832A1795DC0088B869 /* CarsView.swift */,
				22E5D9852A17962D0088B869 /* PhotosView.swift */,
				22E5D98B2A1B8DA40088B869 /* CarComponent.swift */,
				22E5D98D2A1B95B80088B869 /* CarsList.swift */,
				22FACA972A209A4000EBF5D2 /* ImagePicker.swift */,
				22FACA9D2A20BE4600EBF5D2 /* UserImageComponent.swift */,
				22FACA9F2A20BF7500EBF5D2 /* UserImagesList.swift */,
				227416342A305E6A00E0AA78 /* FacebookSignUpView.swift */,
				224AD06D2A3067690035FF47 /* FacebookButton.swift */,
				22CE49CB2A31E8DA0017E033 /* CarsForSale.swift */,
				22CE49CD2A31F5730017E033 /* FilterView.swift */,
				22CE49CF2A31F73D0017E033 /* RangePicker.swift */,
				22CE49D12A31FE290017E033 /* RangeFields.swift */,
				22CE49D52A3315F00017E033 /* AccentColorButtonText.swift */,
				22CE49D92A33335D0017E033 /* SortView.swift */,
				22CE49DB2A3338CD0017E033 /* SortOrderButton.swift */,
			);
			path = View;
			sourceTree = "<group>";
		};
		22E26A6F2A0D170D00B21FD8 /* Controller */ = {
			isa = PBXGroup;
			children = (
				22E5D9802A165AF40088B869 /* TextFields */,
				22C02CC32A0E737B004FB233 /* SignUpExtension.swift */,
				22E5D94B2A12406E0088B869 /* SignInExtension.swift */,
				22E5D9582A139EF50088B869 /* LogOutButtonExtension.swift */,
				22E5D9622A14BEBE0088B869 /* EditFormExtension.swift */,
				22E5D9642A14C2060088B869 /* ProfileViewExtension.swift */,
				22E5D96C2A14E6590088B869 /* NavbarContainerViewExtension.swift */,
				22E5D96F2A1622ED0088B869 /* Utils.swift */,
				22E5D98F2A1B976F0088B869 /* CarsViewExtension.swift */,
				22E5D9972A1CBBE40088B869 /* CarComponentExtension.swift */,
				22E5D99B2A1CD2240088B869 /* FavouritesViewExtension.swift */,
				22FACA992A20B36E00EBF5D2 /* PhotosViewExtension.swift */,
				2274161A2A20CB3200E0AA78 /* UserImagesListExtension.swift */,
				2274161E2A25EE7E00E0AA78 /* MenuContentExtension.swift */,
				227416362A3060EC00E0AA78 /* FacebookSignUpExtension.swift */,
				224AD06F2A306B960035FF47 /* FacebookButtonExtension.swift */,
			);
			path = Controller;
			sourceTree = "<group>";
		};
		22E5D94D2A12473F0088B869 /* Extensions */ = {
			isa = PBXGroup;
			children = (
				22E5D94E2A1247560088B869 /* TextFieldExtension.swift */,
				22E5D9912A1B98430088B869 /* ResultsExtension.swift */,
				2274161C2A25D03400E0AA78 /* RealmExtension.swift */,
				227416202A273F8200E0AA78 /* UiImageExtension.swift */,
			);
			path = Extensions;
			sourceTree = "<group>";
		};
		22E5D96E2A1622A40088B869 /* Navbar */ = {
			isa = PBXGroup;
			children = (
				22CE49D32A3315400017E033 /* LogOutView.swift */,
				22E5D96A2A14E2F80088B869 /* NavbarContainerView.swift */,
				22E5D9542A139AD00088B869 /* Navbar.swift */,
				22E5D9562A139BC20088B869 /* LogOutButton.swift */,
				22E5D95C2A13AAB10088B869 /* SideMenuButton.swift */,
			);
			path = Navbar;
			sourceTree = "<group>";
		};
		22E5D97F2A165AD80088B869 /* TextFields */ = {
			isa = PBXGroup;
			children = (
				22CE49D72A3330DE0017E033 /* SearchBarCarsForSale.swift */,
				22E5D97B2A1658200088B869 /* UsernameTextField.swift */,
				22E5D9732A1646870088B869 /* ConfirmPasswordTextField.swift */,
				22E5D9772A164B8C0088B869 /* EmailTextField.swift */,
				22E5D9662A14CBB40088B869 /* PasswordTextField.swift */,
				22E5D9872A1B68BC0088B869 /* SearchBarTextField.swift */,
			);
			path = TextFields;
			sourceTree = "<group>";
		};
		22E5D9802A165AF40088B869 /* TextFields */ = {
			isa = PBXGroup;
			children = (
				22E5D9792A164C800088B869 /* EmailTextFieldExtension.swift */,
				22E5D97D2A1658BC0088B869 /* UsernameTextFieldExtension.swift */,
				22E5D9752A1647B10088B869 /* ConfirmPasswordTextFieldExtension.swift */,
				22E5D9712A163CE10088B869 /* PasswordTextFieldExtension.swift */,
				22E5D9892A1B6E840088B869 /* SearchBarTextFieldExtension.swift */,
			);
			path = TextFields;
			sourceTree = "<group>";
		};
/* End PBXGroup section */

/* Begin PBXNativeTarget section */
		22E26A562A0D11E300B21FD8 /* AutoVitesse */ = {
			isa = PBXNativeTarget;
			buildConfigurationList = 22E26A652A0D11E400B21FD8 /* Build configuration list for PBXNativeTarget "AutoVitesse" */;
			buildPhases = (
				22E26A532A0D11E300B21FD8 /* Sources */,
				22E26A542A0D11E300B21FD8 /* Frameworks */,
				22E26A552A0D11E300B21FD8 /* Resources */,
			);
			buildRules = (
			);
			dependencies = (
			);
			name = AutoVitesse;
			packageProductDependencies = (
				22E26A692A0D147D00B21FD8 /* Realm */,
				22E26A6B2A0D147D00B21FD8 /* RealmSwift */,
				227416302A2F283C00E0AA78 /* FacebookLogin */,
			);
			productName = AutoVitesse;
			productReference = 22E26A572A0D11E300B21FD8 /* AutoVitesse.app */;
			productType = "com.apple.product-type.application";
		};
/* End PBXNativeTarget section */

/* Begin PBXProject section */
		22E26A4F2A0D11E300B21FD8 /* Project object */ = {
			isa = PBXProject;
			attributes = {
				BuildIndependentTargetsInParallel = 1;
				LastSwiftUpdateCheck = 1430;
				LastUpgradeCheck = 1430;
				TargetAttributes = {
					22E26A562A0D11E300B21FD8 = {
						CreatedOnToolsVersion = 14.3;
					};
				};
			};
			buildConfigurationList = 22E26A522A0D11E300B21FD8 /* Build configuration list for PBXProject "AutoVitesse" */;
			compatibilityVersion = "Xcode 14.0";
			developmentRegion = en;
			hasScannedForEncodings = 0;
			knownRegions = (
				en,
				Base,
			);
			mainGroup = 22E26A4E2A0D11E300B21FD8;
			packageReferences = (
				22E26A682A0D147D00B21FD8 /* XCRemoteSwiftPackageReference "realm-swift" */,
				2274162F2A2F283C00E0AA78 /* XCRemoteSwiftPackageReference "facebook-ios-sdk" */,
			);
			productRefGroup = 22E26A582A0D11E300B21FD8 /* Products */;
			projectDirPath = "";
			projectRoot = "";
			targets = (
				22E26A562A0D11E300B21FD8 /* AutoVitesse */,
			);
		};
/* End PBXProject section */

/* Begin PBXResourcesBuildPhase section */
		22E26A552A0D11E300B21FD8 /* Resources */ = {
			isa = PBXResourcesBuildPhase;
			buildActionMask = 2147483647;
			files = (
				22E26A622A0D11E400B21FD8 /* Preview Assets.xcassets in Resources */,
				22E26A5F2A0D11E400B21FD8 /* Assets.xcassets in Resources */,
			);
			runOnlyForDeploymentPostprocessing = 0;
		};
/* End PBXResourcesBuildPhase section */

/* Begin PBXSourcesBuildPhase section */
		22E26A532A0D11E300B21FD8 /* Sources */ = {
			isa = PBXSourcesBuildPhase;
			buildActionMask = 2147483647;
			files = (
				22FACA9C2A20B7E300EBF5D2 /* UserImage.swift in Sources */,
				22C02CC22A0E71B9004FB233 /* SignInForm.swift in Sources */,
				22FACAA02A20BF7500EBF5D2 /* UserImagesList.swift in Sources */,
				22E5D9612A14AE6A0088B869 /* EditForm.swift in Sources */,
				22E5D97E2A1658BC0088B869 /* UsernameTextFieldExtension.swift in Sources */,
				22E5D9672A14CBB40088B869 /* PasswordTextField.swift in Sources */,
				22C02CC42A0E737B004FB233 /* SignUpExtension.swift in Sources */,
				22E5D95F2A13B41D0088B869 /* FavouritesView.swift in Sources */,
				22E26A752A0D27CC00B21FD8 /* SignUpForm.swift in Sources */,
				22E5D97A2A164C800088B869 /* EmailTextFieldExtension.swift in Sources */,
				22E5D9782A164B8C0088B869 /* EmailTextField.swift in Sources */,
				22E5D96B2A14E2F80088B869 /* NavbarContainerView.swift in Sources */,
				22E26A5D2A0D11E300B21FD8 /* ContentView.swift in Sources */,
				2274162E2A2E14CA00E0AA78 /* Enviroment.swift in Sources */,
				22E5D9702A1622ED0088B869 /* Utils.swift in Sources */,
				22FACA982A209A4000EBF5D2 /* ImagePicker.swift in Sources */,
				22E5D9652A14C2060088B869 /* ProfileViewExtension.swift in Sources */,
				22E5D98C2A1B8DA40088B869 /* CarComponent.swift in Sources */,
				22CE49CE2A31F5730017E033 /* FilterView.swift in Sources */,
				22CE49DC2A3338CD0017E033 /* SortOrderButton.swift in Sources */,
				22E5D9842A1795DC0088B869 /* CarsView.swift in Sources */,
				22E5D9632A14BEBE0088B869 /* EditFormExtension.swift in Sources */,
				22CE49D82A3330DE0017E033 /* SearchBarCarsForSale.swift in Sources */,
				22E5D9882A1B68BC0088B869 /* SearchBarTextField.swift in Sources */,
				22CE49CC2A31E8DA0017E033 /* CarsForSale.swift in Sources */,
				22E5D9532A1386010088B869 /* ProfileView.swift in Sources */,
				22E5D95D2A13AAB10088B869 /* SideMenuButton.swift in Sources */,
				22E5D9692A14CF1C0088B869 /* SideMenu.swift in Sources */,
				22E5D98A2A1B6E840088B869 /* SearchBarTextFieldExtension.swift in Sources */,
				22E5D9592A139EF50088B869 /* LogOutButtonExtension.swift in Sources */,
				22E5D98E2A1B95B80088B869 /* CarsList.swift in Sources */,
				2274161F2A25EE7E00E0AA78 /* MenuContentExtension.swift in Sources */,
				224AD0702A306B960035FF47 /* FacebookButtonExtension.swift in Sources */,
				22E26A712A0D1D4D00B21FD8 /* User.swift in Sources */,
				22CE49D42A3315400017E033 /* LogOutView.swift in Sources */,
				22CE49D62A3315F00017E033 /* AccentColorButtonText.swift in Sources */,
				22E5D9922A1B98430088B869 /* ResultsExtension.swift in Sources */,
				2274161D2A25D03400E0AA78 /* RealmExtension.swift in Sources */,
				227416212A273F8200E0AA78 /* UiImageExtension.swift in Sources */,
				22FACA9E2A20BE4600EBF5D2 /* UserImageComponent.swift in Sources */,
				22E5D9552A139AD00088B869 /* Navbar.swift in Sources */,
				22E5D9762A1647B10088B869 /* ConfirmPasswordTextFieldExtension.swift in Sources */,
				227416372A3060EC00E0AA78 /* FacebookSignUpExtension.swift in Sources */,
				22E5D9902A1B976F0088B869 /* CarsViewExtension.swift in Sources */,
				22E5D9982A1CBBE40088B869 /* CarComponentExtension.swift in Sources */,
				22E5D9512A1385BC0088B869 /* HomeView.swift in Sources */,
				2274161B2A20CB3200E0AA78 /* UserImagesListExtension.swift in Sources */,
				22E5D94F2A1247560088B869 /* TextFieldExtension.swift in Sources */,
				22E5D97C2A1658200088B869 /* UsernameTextField.swift in Sources */,
				22E5D9742A1646870088B869 /* ConfirmPasswordTextField.swift in Sources */,
				22CE49DA2A33335D0017E033 /* SortView.swift in Sources */,
				22E5D96D2A14E6590088B869 /* NavbarContainerViewExtension.swift in Sources */,
				22CE49D22A31FE290017E033 /* RangeFields.swift in Sources */,
				22E5D9572A139BC20088B869 /* LogOutButton.swift in Sources */,
				22E5D94C2A12406E0088B869 /* SignInExtension.swift in Sources */,
				22E26A732A0D234800B21FD8 /* Car.swift in Sources */,
				22E26A772A0D2E1200B21FD8 /* Countries.swift in Sources */,
				22E5D9962A1CB4510088B869 /* FavouriteCars.swift in Sources */,
				22FACA9A2A20B36E00EBF5D2 /* PhotosViewExtension.swift in Sources */,
				22E5D9722A163CE10088B869 /* PasswordTextFieldExtension.swift in Sources */,
				22E26A5B2A0D11E300B21FD8 /* AutoVitesseApp.swift in Sources */,
				22E5D9862A17962D0088B869 /* PhotosView.swift in Sources */,
				224AD06E2A3067690035FF47 /* FacebookButton.swift in Sources */,
				227416352A305E6A00E0AA78 /* FacebookSignUpView.swift in Sources */,
				22CE49D02A31F73E0017E033 /* RangePicker.swift in Sources */,
				22E5D99C2A1CD2240088B869 /* FavouritesViewExtension.swift in Sources */,
			);
			runOnlyForDeploymentPostprocessing = 0;
		};
/* End PBXSourcesBuildPhase section */

/* Begin XCBuildConfiguration section */
		22E26A632A0D11E400B21FD8 /* Debug */ = {
			isa = XCBuildConfiguration;
			buildSettings = {
				ALWAYS_SEARCH_USER_PATHS = NO;
				CLANG_ANALYZER_NONNULL = YES;
				CLANG_ANALYZER_NUMBER_OBJECT_CONVERSION = YES_AGGRESSIVE;
				CLANG_CXX_LANGUAGE_STANDARD = "gnu++20";
				CLANG_ENABLE_MODULES = YES;
				CLANG_ENABLE_OBJC_ARC = YES;
				CLANG_ENABLE_OBJC_WEAK = YES;
				CLANG_WARN_BLOCK_CAPTURE_AUTORELEASING = YES;
				CLANG_WARN_BOOL_CONVERSION = YES;
				CLANG_WARN_COMMA = YES;
				CLANG_WARN_CONSTANT_CONVERSION = YES;
				CLANG_WARN_DEPRECATED_OBJC_IMPLEMENTATIONS = YES;
				CLANG_WARN_DIRECT_OBJC_ISA_USAGE = YES_ERROR;
				CLANG_WARN_DOCUMENTATION_COMMENTS = YES;
				CLANG_WARN_EMPTY_BODY = YES;
				CLANG_WARN_ENUM_CONVERSION = YES;
				CLANG_WARN_INFINITE_RECURSION = YES;
				CLANG_WARN_INT_CONVERSION = YES;
				CLANG_WARN_NON_LITERAL_NULL_CONVERSION = YES;
				CLANG_WARN_OBJC_IMPLICIT_RETAIN_SELF = YES;
				CLANG_WARN_OBJC_LITERAL_CONVERSION = YES;
				CLANG_WARN_OBJC_ROOT_CLASS = YES_ERROR;
				CLANG_WARN_QUOTED_INCLUDE_IN_FRAMEWORK_HEADER = YES;
				CLANG_WARN_RANGE_LOOP_ANALYSIS = YES;
				CLANG_WARN_STRICT_PROTOTYPES = YES;
				CLANG_WARN_SUSPICIOUS_MOVE = YES;
				CLANG_WARN_UNGUARDED_AVAILABILITY = YES_AGGRESSIVE;
				CLANG_WARN_UNREACHABLE_CODE = YES;
				CLANG_WARN__DUPLICATE_METHOD_MATCH = YES;
				COPY_PHASE_STRIP = NO;
				DEBUG_INFORMATION_FORMAT = dwarf;
				ENABLE_STRICT_OBJC_MSGSEND = YES;
				ENABLE_TESTABILITY = YES;
				GCC_C_LANGUAGE_STANDARD = gnu11;
				GCC_DYNAMIC_NO_PIC = NO;
				GCC_NO_COMMON_BLOCKS = YES;
				GCC_OPTIMIZATION_LEVEL = 0;
				GCC_PREPROCESSOR_DEFINITIONS = (
					"DEBUG=1",
					"$(inherited)",
				);
				GCC_WARN_64_TO_32_BIT_CONVERSION = YES;
				GCC_WARN_ABOUT_RETURN_TYPE = YES_ERROR;
				GCC_WARN_UNDECLARED_SELECTOR = YES;
				GCC_WARN_UNINITIALIZED_AUTOS = YES_AGGRESSIVE;
				GCC_WARN_UNUSED_FUNCTION = YES;
				GCC_WARN_UNUSED_VARIABLE = YES;
				IPHONEOS_DEPLOYMENT_TARGET = 16.4;
				MTL_ENABLE_DEBUG_INFO = INCLUDE_SOURCE;
				MTL_FAST_MATH = YES;
				ONLY_ACTIVE_ARCH = YES;
				SDKROOT = iphoneos;
				SWIFT_ACTIVE_COMPILATION_CONDITIONS = DEBUG;
				SWIFT_OPTIMIZATION_LEVEL = "-Onone";
			};
			name = Debug;
		};
		22E26A642A0D11E400B21FD8 /* Release */ = {
			isa = XCBuildConfiguration;
			buildSettings = {
				ALWAYS_SEARCH_USER_PATHS = NO;
				CLANG_ANALYZER_NONNULL = YES;
				CLANG_ANALYZER_NUMBER_OBJECT_CONVERSION = YES_AGGRESSIVE;
				CLANG_CXX_LANGUAGE_STANDARD = "gnu++20";
				CLANG_ENABLE_MODULES = YES;
				CLANG_ENABLE_OBJC_ARC = YES;
				CLANG_ENABLE_OBJC_WEAK = YES;
				CLANG_WARN_BLOCK_CAPTURE_AUTORELEASING = YES;
				CLANG_WARN_BOOL_CONVERSION = YES;
				CLANG_WARN_COMMA = YES;
				CLANG_WARN_CONSTANT_CONVERSION = YES;
				CLANG_WARN_DEPRECATED_OBJC_IMPLEMENTATIONS = YES;
				CLANG_WARN_DIRECT_OBJC_ISA_USAGE = YES_ERROR;
				CLANG_WARN_DOCUMENTATION_COMMENTS = YES;
				CLANG_WARN_EMPTY_BODY = YES;
				CLANG_WARN_ENUM_CONVERSION = YES;
				CLANG_WARN_INFINITE_RECURSION = YES;
				CLANG_WARN_INT_CONVERSION = YES;
				CLANG_WARN_NON_LITERAL_NULL_CONVERSION = YES;
				CLANG_WARN_OBJC_IMPLICIT_RETAIN_SELF = YES;
				CLANG_WARN_OBJC_LITERAL_CONVERSION = YES;
				CLANG_WARN_OBJC_ROOT_CLASS = YES_ERROR;
				CLANG_WARN_QUOTED_INCLUDE_IN_FRAMEWORK_HEADER = YES;
				CLANG_WARN_RANGE_LOOP_ANALYSIS = YES;
				CLANG_WARN_STRICT_PROTOTYPES = YES;
				CLANG_WARN_SUSPICIOUS_MOVE = YES;
				CLANG_WARN_UNGUARDED_AVAILABILITY = YES_AGGRESSIVE;
				CLANG_WARN_UNREACHABLE_CODE = YES;
				CLANG_WARN__DUPLICATE_METHOD_MATCH = YES;
				COPY_PHASE_STRIP = NO;
				DEBUG_INFORMATION_FORMAT = "dwarf-with-dsym";
				ENABLE_NS_ASSERTIONS = NO;
				ENABLE_STRICT_OBJC_MSGSEND = YES;
				GCC_C_LANGUAGE_STANDARD = gnu11;
				GCC_NO_COMMON_BLOCKS = YES;
				GCC_WARN_64_TO_32_BIT_CONVERSION = YES;
				GCC_WARN_ABOUT_RETURN_TYPE = YES_ERROR;
				GCC_WARN_UNDECLARED_SELECTOR = YES;
				GCC_WARN_UNINITIALIZED_AUTOS = YES_AGGRESSIVE;
				GCC_WARN_UNUSED_FUNCTION = YES;
				GCC_WARN_UNUSED_VARIABLE = YES;
				IPHONEOS_DEPLOYMENT_TARGET = 16.4;
				MTL_ENABLE_DEBUG_INFO = NO;
				MTL_FAST_MATH = YES;
				SDKROOT = iphoneos;
				SWIFT_COMPILATION_MODE = wholemodule;
				SWIFT_OPTIMIZATION_LEVEL = "-O";
				VALIDATE_PRODUCT = YES;
			};
			name = Release;
		};
		22E26A662A0D11E400B21FD8 /* Debug */ = {
			isa = XCBuildConfiguration;
			buildSettings = {
				ASSETCATALOG_COMPILER_APPICON_NAME = AppIcon;
				ASSETCATALOG_COMPILER_GLOBAL_ACCENT_COLOR_NAME = AccentColor;
				CODE_SIGN_ENTITLEMENTS = AutoVitesse/AutoVitesse.entitlements;
				CODE_SIGN_STYLE = Automatic;
				CURRENT_PROJECT_VERSION = 1;
				DEVELOPMENT_ASSET_PATHS = "\"AutoVitesse/Preview Content\"";
				DEVELOPMENT_TEAM = P9HCF88VHS;
				ENABLE_PREVIEWS = YES;
				GENERATE_INFOPLIST_FILE = YES;
				INFOPLIST_FILE = AutoVitesse/Info.plist;
				INFOPLIST_KEY_NSCameraUsageDescription = "AutoVitesse need access to your camera to take photos.";
				INFOPLIST_KEY_UIApplicationSceneManifest_Generation = YES;
				INFOPLIST_KEY_UIApplicationSupportsIndirectInputEvents = YES;
				INFOPLIST_KEY_UILaunchScreen_Generation = YES;
				INFOPLIST_KEY_UISupportedInterfaceOrientations_iPad = "UIInterfaceOrientationPortrait UIInterfaceOrientationPortraitUpsideDown UIInterfaceOrientationLandscapeLeft UIInterfaceOrientationLandscapeRight";
				INFOPLIST_KEY_UISupportedInterfaceOrientations_iPhone = "UIInterfaceOrientationPortrait UIInterfaceOrientationLandscapeLeft UIInterfaceOrientationLandscapeRight";
				LD_RUNPATH_SEARCH_PATHS = (
					"$(inherited)",
					"@executable_path/Frameworks",
				);
				MARKETING_VERSION = 1.0;
				PRODUCT_BUNDLE_IDENTIFIER = com.dany.AutoVitesse;
				PRODUCT_NAME = "$(TARGET_NAME)";
				SWIFT_EMIT_LOC_STRINGS = YES;
				SWIFT_VERSION = 5.0;
				TARGETED_DEVICE_FAMILY = "1,2";
			};
			name = Debug;
		};
		22E26A672A0D11E400B21FD8 /* Release */ = {
			isa = XCBuildConfiguration;
			buildSettings = {
				ASSETCATALOG_COMPILER_APPICON_NAME = AppIcon;
				ASSETCATALOG_COMPILER_GLOBAL_ACCENT_COLOR_NAME = AccentColor;
				CODE_SIGN_ENTITLEMENTS = AutoVitesse/AutoVitesse.entitlements;
				CODE_SIGN_STYLE = Automatic;
				CURRENT_PROJECT_VERSION = 1;
				DEVELOPMENT_ASSET_PATHS = "\"AutoVitesse/Preview Content\"";
				DEVELOPMENT_TEAM = P9HCF88VHS;
				ENABLE_PREVIEWS = YES;
				GENERATE_INFOPLIST_FILE = YES;
				INFOPLIST_FILE = AutoVitesse/Info.plist;
				INFOPLIST_KEY_NSCameraUsageDescription = "AutoVitesse need access to your camera to take photos.";
				INFOPLIST_KEY_UIApplicationSceneManifest_Generation = YES;
				INFOPLIST_KEY_UIApplicationSupportsIndirectInputEvents = YES;
				INFOPLIST_KEY_UILaunchScreen_Generation = YES;
				INFOPLIST_KEY_UISupportedInterfaceOrientations_iPad = "UIInterfaceOrientationPortrait UIInterfaceOrientationPortraitUpsideDown UIInterfaceOrientationLandscapeLeft UIInterfaceOrientationLandscapeRight";
				INFOPLIST_KEY_UISupportedInterfaceOrientations_iPhone = "UIInterfaceOrientationPortrait UIInterfaceOrientationLandscapeLeft UIInterfaceOrientationLandscapeRight";
				LD_RUNPATH_SEARCH_PATHS = (
					"$(inherited)",
					"@executable_path/Frameworks",
				);
				MARKETING_VERSION = 1.0;
				PRODUCT_BUNDLE_IDENTIFIER = com.dany.AutoVitesse;
				PRODUCT_NAME = "$(TARGET_NAME)";
				SWIFT_EMIT_LOC_STRINGS = YES;
				SWIFT_VERSION = 5.0;
				TARGETED_DEVICE_FAMILY = "1,2";
			};
			name = Release;
		};
/* End XCBuildConfiguration section */

/* Begin XCConfigurationList section */
		22E26A522A0D11E300B21FD8 /* Build configuration list for PBXProject "AutoVitesse" */ = {
			isa = XCConfigurationList;
			buildConfigurations = (
				22E26A632A0D11E400B21FD8 /* Debug */,
				22E26A642A0D11E400B21FD8 /* Release */,
			);
			defaultConfigurationIsVisible = 0;
			defaultConfigurationName = Release;
		};
		22E26A652A0D11E400B21FD8 /* Build configuration list for PBXNativeTarget "AutoVitesse" */ = {
			isa = XCConfigurationList;
			buildConfigurations = (
				22E26A662A0D11E400B21FD8 /* Debug */,
				22E26A672A0D11E400B21FD8 /* Release */,
			);
			defaultConfigurationIsVisible = 0;
			defaultConfigurationName = Release;
		};
/* End XCConfigurationList section */

/* Begin XCRemoteSwiftPackageReference section */
		2274162F2A2F283C00E0AA78 /* XCRemoteSwiftPackageReference "facebook-ios-sdk" */ = {
			isa = XCRemoteSwiftPackageReference;
			repositoryURL = "https://github.com/facebook/facebook-ios-sdk";
			requirement = {
				kind = upToNextMajorVersion;
				minimumVersion = 14.0.0;
			};
		};
		22E26A682A0D147D00B21FD8 /* XCRemoteSwiftPackageReference "realm-swift" */ = {
			isa = XCRemoteSwiftPackageReference;
			repositoryURL = "https://github.com/realm/realm-swift";
			requirement = {
				branch = master;
				kind = branch;
			};
		};
/* End XCRemoteSwiftPackageReference section */

/* Begin XCSwiftPackageProductDependency section */
		227416302A2F283C00E0AA78 /* FacebookLogin */ = {
			isa = XCSwiftPackageProductDependency;
			package = 2274162F2A2F283C00E0AA78 /* XCRemoteSwiftPackageReference "facebook-ios-sdk" */;
			productName = FacebookLogin;
		};
		22E26A692A0D147D00B21FD8 /* Realm */ = {
			isa = XCSwiftPackageProductDependency;
			package = 22E26A682A0D147D00B21FD8 /* XCRemoteSwiftPackageReference "realm-swift" */;
			productName = Realm;
		};
		22E26A6B2A0D147D00B21FD8 /* RealmSwift */ = {
			isa = XCSwiftPackageProductDependency;
			package = 22E26A682A0D147D00B21FD8 /* XCRemoteSwiftPackageReference "realm-swift" */;
			productName = RealmSwift;
		};
/* End XCSwiftPackageProductDependency section */
	};
	rootObject = 22E26A4F2A0D11E300B21FD8 /* Project object */;
}
